// !$*UTF8*$!
{
	archiveVersion = 1;
	classes = {
	};
	objectVersion = 46;
	objects = {

/* Begin PBXBuildFile section */
		426E88111CDA40AE00C7FF25 /* main.m in Sources */ = {isa = PBXBuildFile; fileRef = 426E88101CDA40AE00C7FF25 /* main.m */; };
		426E88141CDA40AE00C7FF25 /* AppDelegate.m in Sources */ = {isa = PBXBuildFile; fileRef = 426E88131CDA40AE00C7FF25 /* AppDelegate.m */; };
		426E881A1CDA40AE00C7FF25 /* Main-iPhone.storyboard in Resources */ = {isa = PBXBuildFile; fileRef = 426E88181CDA40AE00C7FF25 /* Main-iPhone.storyboard */; };
		426E881F1CDA40AE00C7FF25 /* LaunchScreen.storyboard in Resources */ = {isa = PBXBuildFile; fileRef = 426E881D1CDA40AE00C7FF25 /* LaunchScreen.storyboard */; };
		426E882A1CDA40AE00C7FF25 /* SurgeiOSDemoAppTests.m in Sources */ = {isa = PBXBuildFile; fileRef = 426E88291CDA40AE00C7FF25 /* SurgeiOSDemoAppTests.m */; };
		426E88351CDA40AE00C7FF25 /* SurgeiOSDemoAppUITests.m in Sources */ = {isa = PBXBuildFile; fileRef = 426E88341CDA40AE00C7FF25 /* SurgeiOSDemoAppUITests.m */; };
		7C11393A2199D5C500E0360C /* SurgeiOS.framework in Frameworks */ = {isa = PBXBuildFile; fileRef = 7C1139202199CF2E00E0360C /* SurgeiOS.framework */; };
		7C11393B2199D5C500E0360C /* SurgeiOS.framework in Embed Frameworks */ = {isa = PBXBuildFile; fileRef = 7C1139202199CF2E00E0360C /* SurgeiOS.framework */; settings = {ATTRIBUTES = (CodeSignOnCopy, RemoveHeadersOnCopy, ); }; };
		7C1AD4EB1F8D20AD00F17E78 /* PlaybackManager.m in Sources */ = {isa = PBXBuildFile; fileRef = 7C1AD4EA1F8D20AD00F17E78 /* PlaybackManager.m */; };
		7C1AD4EE1F8D20DC00F17E78 /* PlaybackStream.m in Sources */ = {isa = PBXBuildFile; fileRef = 7C1AD4ED1F8D20DC00F17E78 /* PlaybackStream.m */; };
		7C55BE6B1F75140300CCDD43 /* NSArray+RtspAddressStorage.m in Sources */ = {isa = PBXBuildFile; fileRef = 7C55BE671F7513FC00CCDD43 /* NSArray+RtspAddressStorage.m */; };
		7C55BE6C1F75140700CCDD43 /* RtspAddress.m in Sources */ = {isa = PBXBuildFile; fileRef = 7C55BE6A1F7513FC00CCDD43 /* RtspAddress.m */; };
		7C6011BB1FB2060400FE497A /* SURFaceDetectionImageView.m in Sources */ = {isa = PBXBuildFile; fileRef = 7C6011BA1FB2060300FE497A /* SURFaceDetectionImageView.m */; };
		7C97111C1F7100FD004A8158 /* PlaybackCollectionViewCell.m in Sources */ = {isa = PBXBuildFile; fileRef = 7C97111B1F7100FD004A8158 /* PlaybackCollectionViewCell.m */; };
		7C97111E1F7105C0004A8158 /* PlaybackCollectionViewCell.xib in Resources */ = {isa = PBXBuildFile; fileRef = 7C97111D1F7105C0004A8158 /* PlaybackCollectionViewCell.xib */; };
		7C9711201F712C7C004A8158 /* Assets.xcassets in Resources */ = {isa = PBXBuildFile; fileRef = 7C97111F1F712C7C004A8158 /* Assets.xcassets */; };
		7CC3D3841F73CF2300BE38E4 /* Main-iPad.storyboard in Resources */ = {isa = PBXBuildFile; fileRef = 7CC3D3821F73CE1400BE38E4 /* Main-iPad.storyboard */; };
		7CC3D38B1F73D18800BE38E4 /* AddAddressViewController.m in Sources */ = {isa = PBXBuildFile; fileRef = 7CC3D3891F73D18800BE38E4 /* AddAddressViewController.m */; };
		7CC3D38C1F73D18800BE38E4 /* AddAddressViewController.xib in Resources */ = {isa = PBXBuildFile; fileRef = 7CC3D38A1F73D18800BE38E4 /* AddAddressViewController.xib */; };
		7CC3D3901F73D3B600BE38E4 /* TextFieldCell.m in Sources */ = {isa = PBXBuildFile; fileRef = 7CC3D38E1F73D3B600BE38E4 /* TextFieldCell.m */; };
		7CC3D3911F73D3B600BE38E4 /* TextFieldCell.xib in Resources */ = {isa = PBXBuildFile; fileRef = 7CC3D38F1F73D3B600BE38E4 /* TextFieldCell.xib */; };
		7CC3D3971F73F97D00BE38E4 /* AddressSearchResultsTableViewController.m in Sources */ = {isa = PBXBuildFile; fileRef = 7CC3D3961F73F97D00BE38E4 /* AddressSearchResultsTableViewController.m */; };
		7CD256741D9E71B700300A88 /* AddressesTableViewController.m in Sources */ = {isa = PBXBuildFile; fileRef = 7CD256731D9E71B700300A88 /* AddressesTableViewController.m */; };
		7CD256771D9E722C00300A88 /* PlaybackViewController.m in Sources */ = {isa = PBXBuildFile; fileRef = 7CD256761D9E722C00300A88 /* PlaybackViewController.m */; };
/* End PBXBuildFile section */

/* Begin PBXContainerItemProxy section */
		426E88261CDA40AE00C7FF25 /* PBXContainerItemProxy */ = {
			isa = PBXContainerItemProxy;
			containerPortal = 426E88041CDA40AD00C7FF25 /* Project object */;
			proxyType = 1;
			remoteGlobalIDString = 426E880B1CDA40AE00C7FF25;
			remoteInfo = SurgeiOSDemoApp;
		};
		426E88311CDA40AE00C7FF25 /* PBXContainerItemProxy */ = {
			isa = PBXContainerItemProxy;
			containerPortal = 426E88041CDA40AD00C7FF25 /* Project object */;
			proxyType = 1;
			remoteGlobalIDString = 426E880B1CDA40AE00C7FF25;
			remoteInfo = SurgeiOSDemoApp;
		};
/* End PBXContainerItemProxy section */

/* Begin PBXCopyFilesBuildPhase section */
		7C11393C2199D5C600E0360C /* Embed Frameworks */ = {
			isa = PBXCopyFilesBuildPhase;
			buildActionMask = 2147483647;
			dstPath = "";
			dstSubfolderSpec = 10;
			files = (
				7C11393B2199D5C500E0360C /* SurgeiOS.framework in Embed Frameworks */,
			);
			name = "Embed Frameworks";
			runOnlyForDeploymentPostprocessing = 0;
		};
/* End PBXCopyFilesBuildPhase section */

/* Begin PBXFileReference section */
		426E880C1CDA40AE00C7FF25 /* SurgeiOSDemoApp.app */ = {isa = PBXFileReference; explicitFileType = wrapper.application; includeInIndex = 0; path = SurgeiOSDemoApp.app; sourceTree = BUILT_PRODUCTS_DIR; };
		426E88101CDA40AE00C7FF25 /* main.m */ = {isa = PBXFileReference; lastKnownFileType = sourcecode.c.objc; path = main.m; sourceTree = "<group>"; };
		426E88121CDA40AE00C7FF25 /* AppDelegate.h */ = {isa = PBXFileReference; lastKnownFileType = sourcecode.c.h; path = AppDelegate.h; sourceTree = "<group>"; };
		426E88131CDA40AE00C7FF25 /* AppDelegate.m */ = {isa = PBXFileReference; indentWidth = 4; lastKnownFileType = sourcecode.c.objc; path = AppDelegate.m; sourceTree = "<group>"; tabWidth = 4; };
		426E88191CDA40AE00C7FF25 /* Base */ = {isa = PBXFileReference; lastKnownFileType = file.storyboard; name = Base; path = "Base.lproj/Main-iPhone.storyboard"; sourceTree = "<group>"; };
		426E881E1CDA40AE00C7FF25 /* Base */ = {isa = PBXFileReference; lastKnownFileType = file.storyboard; name = Base; path = Base.lproj/LaunchScreen.storyboard; sourceTree = "<group>"; };
		426E88201CDA40AE00C7FF25 /* Info.plist */ = {isa = PBXFileReference; lastKnownFileType = text.plist.xml; path = Info.plist; sourceTree = "<group>"; };
		426E88251CDA40AE00C7FF25 /* SurgeiOSDemoAppTests.xctest */ = {isa = PBXFileReference; explicitFileType = wrapper.cfbundle; includeInIndex = 0; path = SurgeiOSDemoAppTests.xctest; sourceTree = BUILT_PRODUCTS_DIR; };
		426E88291CDA40AE00C7FF25 /* SurgeiOSDemoAppTests.m */ = {isa = PBXFileReference; lastKnownFileType = sourcecode.c.objc; path = SurgeiOSDemoAppTests.m; sourceTree = "<group>"; };
		426E882B1CDA40AE00C7FF25 /* Info.plist */ = {isa = PBXFileReference; lastKnownFileType = text.plist.xml; path = Info.plist; sourceTree = "<group>"; };
		426E88301CDA40AE00C7FF25 /* SurgeiOSDemoAppUITests.xctest */ = {isa = PBXFileReference; explicitFileType = wrapper.cfbundle; includeInIndex = 0; path = SurgeiOSDemoAppUITests.xctest; sourceTree = BUILT_PRODUCTS_DIR; };
		426E88341CDA40AE00C7FF25 /* SurgeiOSDemoAppUITests.m */ = {isa = PBXFileReference; lastKnownFileType = sourcecode.c.objc; path = SurgeiOSDemoAppUITests.m; sourceTree = "<group>"; };
		426E88361CDA40AE00C7FF25 /* Info.plist */ = {isa = PBXFileReference; lastKnownFileType = text.plist.xml; path = Info.plist; sourceTree = "<group>"; };
		7C1139202199CF2E00E0360C /* SurgeiOS.framework */ = {isa = PBXFileReference; explicitFileType = wrapper.framework; path = SurgeiOS.framework; sourceTree = BUILT_PRODUCTS_DIR; };
		7C1AD4E91F8D20AD00F17E78 /* PlaybackManager.h */ = {isa = PBXFileReference; lastKnownFileType = sourcecode.c.h; path = PlaybackManager.h; sourceTree = "<group>"; };
		7C1AD4EA1F8D20AD00F17E78 /* PlaybackManager.m */ = {isa = PBXFileReference; lastKnownFileType = sourcecode.c.objc; path = PlaybackManager.m; sourceTree = "<group>"; };
		7C1AD4EC1F8D20DC00F17E78 /* PlaybackStream.h */ = {isa = PBXFileReference; lastKnownFileType = sourcecode.c.h; path = PlaybackStream.h; sourceTree = "<group>"; };
		7C1AD4ED1F8D20DC00F17E78 /* PlaybackStream.m */ = {isa = PBXFileReference; lastKnownFileType = sourcecode.c.objc; path = PlaybackStream.m; sourceTree = "<group>"; };
		7C55BE661F7513FC00CCDD43 /* NSArray+RtspAddressStorage.h */ = {isa = PBXFileReference; lastKnownFileType = sourcecode.c.h; path = "NSArray+RtspAddressStorage.h"; sourceTree = "<group>"; };
		7C55BE671F7513FC00CCDD43 /* NSArray+RtspAddressStorage.m */ = {isa = PBXFileReference; lastKnownFileType = sourcecode.c.objc; path = "NSArray+RtspAddressStorage.m"; sourceTree = "<group>"; };
		7C55BE691F7513FC00CCDD43 /* RtspAddress.h */ = {isa = PBXFileReference; lastKnownFileType = sourcecode.c.h; path = RtspAddress.h; sourceTree = "<group>"; };
		7C55BE6A1F7513FC00CCDD43 /* RtspAddress.m */ = {isa = PBXFileReference; lastKnownFileType = sourcecode.c.objc; path = RtspAddress.m; sourceTree = "<group>"; };
		7C6011B91FB2060300FE497A /* SURFaceDetectionImageView.h */ = {isa = PBXFileReference; fileEncoding = 4; lastKnownFileType = sourcecode.c.h; path = SURFaceDetectionImageView.h; sourceTree = "<group>"; };
		7C6011BA1FB2060300FE497A /* SURFaceDetectionImageView.m */ = {isa = PBXFileReference; fileEncoding = 4; lastKnownFileType = sourcecode.c.objc; path = SURFaceDetectionImageView.m; sourceTree = "<group>"; };
		7C97111A1F7100FD004A8158 /* PlaybackCollectionViewCell.h */ = {isa = PBXFileReference; fileEncoding = 4; lastKnownFileType = sourcecode.c.h; path = PlaybackCollectionViewCell.h; sourceTree = "<group>"; };
		7C97111B1F7100FD004A8158 /* PlaybackCollectionViewCell.m */ = {isa = PBXFileReference; fileEncoding = 4; lastKnownFileType = sourcecode.c.objc; path = PlaybackCollectionViewCell.m; sourceTree = "<group>"; };
		7C97111D1F7105C0004A8158 /* PlaybackCollectionViewCell.xib */ = {isa = PBXFileReference; fileEncoding = 4; lastKnownFileType = file.xib; path = PlaybackCollectionViewCell.xib; sourceTree = "<group>"; };
		7C97111F1F712C7C004A8158 /* Assets.xcassets */ = {isa = PBXFileReference; lastKnownFileType = folder.assetcatalog; path = Assets.xcassets; sourceTree = "<group>"; };
		7CC3D3831F73CE1400BE38E4 /* Base */ = {isa = PBXFileReference; lastKnownFileType = file.storyboard; name = Base; path = "Base.lproj/Main-iPad.storyboard"; sourceTree = "<group>"; };
		7CC3D3881F73D18800BE38E4 /* AddAddressViewController.h */ = {isa = PBXFileReference; lastKnownFileType = sourcecode.c.h; path = AddAddressViewController.h; sourceTree = "<group>"; };
		7CC3D3891F73D18800BE38E4 /* AddAddressViewController.m */ = {isa = PBXFileReference; lastKnownFileType = sourcecode.c.objc; path = AddAddressViewController.m; sourceTree = "<group>"; };
		7CC3D38A1F73D18800BE38E4 /* AddAddressViewController.xib */ = {isa = PBXFileReference; lastKnownFileType = file.xib; path = AddAddressViewController.xib; sourceTree = "<group>"; };
		7CC3D38D1F73D3B600BE38E4 /* TextFieldCell.h */ = {isa = PBXFileReference; lastKnownFileType = sourcecode.c.h; path = TextFieldCell.h; sourceTree = "<group>"; };
		7CC3D38E1F73D3B600BE38E4 /* TextFieldCell.m */ = {isa = PBXFileReference; lastKnownFileType = sourcecode.c.objc; path = TextFieldCell.m; sourceTree = "<group>"; };
		7CC3D38F1F73D3B600BE38E4 /* TextFieldCell.xib */ = {isa = PBXFileReference; lastKnownFileType = file.xib; path = TextFieldCell.xib; sourceTree = "<group>"; };
		7CC3D3951F73F97D00BE38E4 /* AddressSearchResultsTableViewController.h */ = {isa = PBXFileReference; lastKnownFileType = sourcecode.c.h; path = AddressSearchResultsTableViewController.h; sourceTree = "<group>"; };
		7CC3D3961F73F97D00BE38E4 /* AddressSearchResultsTableViewController.m */ = {isa = PBXFileReference; lastKnownFileType = sourcecode.c.objc; path = AddressSearchResultsTableViewController.m; sourceTree = "<group>"; };
		7CD256721D9E71B700300A88 /* AddressesTableViewController.h */ = {isa = PBXFileReference; fileEncoding = 4; lastKnownFileType = sourcecode.c.h; path = AddressesTableViewController.h; sourceTree = "<group>"; };
		7CD256731D9E71B700300A88 /* AddressesTableViewController.m */ = {isa = PBXFileReference; fileEncoding = 4; indentWidth = 4; lastKnownFileType = sourcecode.c.objc; path = AddressesTableViewController.m; sourceTree = "<group>"; tabWidth = 4; };
		7CD256751D9E722C00300A88 /* PlaybackViewController.h */ = {isa = PBXFileReference; fileEncoding = 4; lastKnownFileType = sourcecode.c.h; path = PlaybackViewController.h; sourceTree = "<group>"; };
		7CD256761D9E722C00300A88 /* PlaybackViewController.m */ = {isa = PBXFileReference; fileEncoding = 4; indentWidth = 4; lastKnownFileType = sourcecode.c.objc; path = PlaybackViewController.m; sourceTree = "<group>"; tabWidth = 4; };
/* End PBXFileReference section */

/* Begin PBXFrameworksBuildPhase section */
		426E88091CDA40AE00C7FF25 /* Frameworks */ = {
			isa = PBXFrameworksBuildPhase;
			buildActionMask = 2147483647;
			files = (
				7C11393A2199D5C500E0360C /* SurgeiOS.framework in Frameworks */,
			);
			runOnlyForDeploymentPostprocessing = 0;
		};
		426E88221CDA40AE00C7FF25 /* Frameworks */ = {
			isa = PBXFrameworksBuildPhase;
			buildActionMask = 2147483647;
			files = (
			);
			runOnlyForDeploymentPostprocessing = 0;
		};
		426E882D1CDA40AE00C7FF25 /* Frameworks */ = {
			isa = PBXFrameworksBuildPhase;
			buildActionMask = 2147483647;
			files = (
			);
			runOnlyForDeploymentPostprocessing = 0;
		};
/* End PBXFrameworksBuildPhase section */

/* Begin PBXGroup section */
		426E88031CDA40AD00C7FF25 = {
			isa = PBXGroup;
			children = (
				7C1139202199CF2E00E0360C /* SurgeiOS.framework */,
				426E880E1CDA40AE00C7FF25 /* SurgeiOSDemoApp */,
				426E88281CDA40AE00C7FF25 /* SurgeiOSDemoAppTests */,
				426E88331CDA40AE00C7FF25 /* SurgeiOSDemoAppUITests */,
				426E88461CDA411B00C7FF25 /* Frameworks */,
				426E880D1CDA40AE00C7FF25 /* Products */,
			);
			sourceTree = "<group>";
		};
		426E880D1CDA40AE00C7FF25 /* Products */ = {
			isa = PBXGroup;
			children = (
				426E880C1CDA40AE00C7FF25 /* SurgeiOSDemoApp.app */,
				426E88251CDA40AE00C7FF25 /* SurgeiOSDemoAppTests.xctest */,
				426E88301CDA40AE00C7FF25 /* SurgeiOSDemoAppUITests.xctest */,
			);
			name = Products;
			sourceTree = "<group>";
		};
		426E880E1CDA40AE00C7FF25 /* SurgeiOSDemoApp */ = {
			isa = PBXGroup;
			children = (
				426E880F1CDA40AE00C7FF25 /* Supporting Files */,
				7C55BE641F7513FC00CCDD43 /* DemoResources */,
				426E88201CDA40AE00C7FF25 /* Info.plist */,
				7C97111F1F712C7C004A8158 /* Assets.xcassets */,
				426E88121CDA40AE00C7FF25 /* AppDelegate.h */,
				426E88131CDA40AE00C7FF25 /* AppDelegate.m */,
				7CD256751D9E722C00300A88 /* PlaybackViewController.h */,
				7CD256761D9E722C00300A88 /* PlaybackViewController.m */,
				7CD256721D9E71B700300A88 /* AddressesTableViewController.h */,
				7CD256731D9E71B700300A88 /* AddressesTableViewController.m */,
				7CC3D3951F73F97D00BE38E4 /* AddressSearchResultsTableViewController.h */,
				7CC3D3961F73F97D00BE38E4 /* AddressSearchResultsTableViewController.m */,
				7C97111A1F7100FD004A8158 /* PlaybackCollectionViewCell.h */,
				7C97111B1F7100FD004A8158 /* PlaybackCollectionViewCell.m */,
				7C97111D1F7105C0004A8158 /* PlaybackCollectionViewCell.xib */,
				7CC3D3881F73D18800BE38E4 /* AddAddressViewController.h */,
				7CC3D3891F73D18800BE38E4 /* AddAddressViewController.m */,
				7CC3D38A1F73D18800BE38E4 /* AddAddressViewController.xib */,
				7CC3D38D1F73D3B600BE38E4 /* TextFieldCell.h */,
				7CC3D38E1F73D3B600BE38E4 /* TextFieldCell.m */,
				7CC3D38F1F73D3B600BE38E4 /* TextFieldCell.xib */,
				7C6011B91FB2060300FE497A /* SURFaceDetectionImageView.h */,
				7C6011BA1FB2060300FE497A /* SURFaceDetectionImageView.m */,
				426E88181CDA40AE00C7FF25 /* Main-iPhone.storyboard */,
				7CC3D3821F73CE1400BE38E4 /* Main-iPad.storyboard */,
				426E881D1CDA40AE00C7FF25 /* LaunchScreen.storyboard */,
			);
			path = SurgeiOSDemoApp;
			sourceTree = "<group>";
		};
		426E880F1CDA40AE00C7FF25 /* Supporting Files */ = {
			isa = PBXGroup;
			children = (
				426E88101CDA40AE00C7FF25 /* main.m */,
			);
			name = "Supporting Files";
			sourceTree = "<group>";
		};
		426E88281CDA40AE00C7FF25 /* SurgeiOSDemoAppTests */ = {
			isa = PBXGroup;
			children = (
				426E88291CDA40AE00C7FF25 /* SurgeiOSDemoAppTests.m */,
				426E882B1CDA40AE00C7FF25 /* Info.plist */,
			);
			path = SurgeiOSDemoAppTests;
			sourceTree = "<group>";
		};
		426E88331CDA40AE00C7FF25 /* SurgeiOSDemoAppUITests */ = {
			isa = PBXGroup;
			children = (
				426E88341CDA40AE00C7FF25 /* SurgeiOSDemoAppUITests.m */,
				426E88361CDA40AE00C7FF25 /* Info.plist */,
			);
			path = SurgeiOSDemoAppUITests;
			sourceTree = "<group>";
		};
		426E88461CDA411B00C7FF25 /* Frameworks */ = {
			isa = PBXGroup;
			children = (
			);
			name = Frameworks;
			sourceTree = "<group>";
		};
		7C1AD4E51F8D205800F17E78 /* Managers */ = {
			isa = PBXGroup;
			children = (
				7C1AD4E91F8D20AD00F17E78 /* PlaybackManager.h */,
				7C1AD4EA1F8D20AD00F17E78 /* PlaybackManager.m */,
			);
			path = Managers;
			sourceTree = "<group>";
		};
		7C55BE641F7513FC00CCDD43 /* DemoResources */ = {
			isa = PBXGroup;
			children = (
				7C1AD4E51F8D205800F17E78 /* Managers */,
				7C55BE651F7513FC00CCDD43 /* Categories */,
				7C55BE681F7513FC00CCDD43 /* Models */,
			);
			name = DemoResources;
			path = ../../DemoResources;
			sourceTree = "<group>";
		};
		7C55BE651F7513FC00CCDD43 /* Categories */ = {
			isa = PBXGroup;
			children = (
				7C55BE661F7513FC00CCDD43 /* NSArray+RtspAddressStorage.h */,
				7C55BE671F7513FC00CCDD43 /* NSArray+RtspAddressStorage.m */,
			);
			path = Categories;
			sourceTree = "<group>";
		};
		7C55BE681F7513FC00CCDD43 /* Models */ = {
			isa = PBXGroup;
			children = (
				7C55BE691F7513FC00CCDD43 /* RtspAddress.h */,
				7C55BE6A1F7513FC00CCDD43 /* RtspAddress.m */,
				7C1AD4EC1F8D20DC00F17E78 /* PlaybackStream.h */,
				7C1AD4ED1F8D20DC00F17E78 /* PlaybackStream.m */,
			);
			path = Models;
			sourceTree = "<group>";
		};
/* End PBXGroup section */

/* Begin PBXNativeTarget section */
		426E880B1CDA40AE00C7FF25 /* SurgeiOSDemoApp */ = {
			isa = PBXNativeTarget;
			buildConfigurationList = 426E88391CDA40AE00C7FF25 /* Build configuration list for PBXNativeTarget "SurgeiOSDemoApp" */;
			buildPhases = (
				426E88081CDA40AE00C7FF25 /* Sources */,
				426E88091CDA40AE00C7FF25 /* Frameworks */,
				426E880A1CDA40AE00C7FF25 /* Resources */,
				7C11393C2199D5C600E0360C /* Embed Frameworks */,
			);
			buildRules = (
			);
			dependencies = (
			);
			name = SurgeiOSDemoApp;
			productName = SurgeiOSDemoApp;
			productReference = 426E880C1CDA40AE00C7FF25 /* SurgeiOSDemoApp.app */;
			productType = "com.apple.product-type.application";
		};
		426E88241CDA40AE00C7FF25 /* SurgeiOSDemoAppTests */ = {
			isa = PBXNativeTarget;
			buildConfigurationList = 426E883C1CDA40AE00C7FF25 /* Build configuration list for PBXNativeTarget "SurgeiOSDemoAppTests" */;
			buildPhases = (
				426E88211CDA40AE00C7FF25 /* Sources */,
				426E88221CDA40AE00C7FF25 /* Frameworks */,
				426E88231CDA40AE00C7FF25 /* Resources */,
			);
			buildRules = (
			);
			dependencies = (
				426E88271CDA40AE00C7FF25 /* PBXTargetDependency */,
			);
			name = SurgeiOSDemoAppTests;
			productName = SurgeiOSDemoAppTests;
			productReference = 426E88251CDA40AE00C7FF25 /* SurgeiOSDemoAppTests.xctest */;
			productType = "com.apple.product-type.bundle.unit-test";
		};
		426E882F1CDA40AE00C7FF25 /* SurgeiOSDemoAppUITests */ = {
			isa = PBXNativeTarget;
			buildConfigurationList = 426E883F1CDA40AE00C7FF25 /* Build configuration list for PBXNativeTarget "SurgeiOSDemoAppUITests" */;
			buildPhases = (
				426E882C1CDA40AE00C7FF25 /* Sources */,
				426E882D1CDA40AE00C7FF25 /* Frameworks */,
				426E882E1CDA40AE00C7FF25 /* Resources */,
			);
			buildRules = (
			);
			dependencies = (
				426E88321CDA40AE00C7FF25 /* PBXTargetDependency */,
			);
			name = SurgeiOSDemoAppUITests;
			productName = SurgeiOSDemoAppUITests;
			productReference = 426E88301CDA40AE00C7FF25 /* SurgeiOSDemoAppUITests.xctest */;
			productType = "com.apple.product-type.bundle.ui-testing";
		};
/* End PBXNativeTarget section */

/* Begin PBXProject section */
		426E88041CDA40AD00C7FF25 /* Project object */ = {
			isa = PBXProject;
			attributes = {
				LastUpgradeCheck = 0900;
				ORGANIZATIONNAME = Instil;
				TargetAttributes = {
					426E880B1CDA40AE00C7FF25 = {
						CreatedOnToolsVersion = 7.3;
						DevelopmentTeam = M6W9FG2WLN;
						ProvisioningStyle = Automatic;
						SystemCapabilities = {
							com.apple.GameCenter.iOS = {
								enabled = 0;
							};
						};
					};
					426E88241CDA40AE00C7FF25 = {
						CreatedOnToolsVersion = 7.3;
						TestTargetID = 426E880B1CDA40AE00C7FF25;
					};
					426E882F1CDA40AE00C7FF25 = {
						CreatedOnToolsVersion = 7.3;
						TestTargetID = 426E880B1CDA40AE00C7FF25;
					};
				};
			};
			buildConfigurationList = 426E88071CDA40AD00C7FF25 /* Build configuration list for PBXProject "SurgeiOSDemoApp" */;
			compatibilityVersion = "Xcode 3.2";
			developmentRegion = English;
			hasScannedForEncodings = 0;
			knownRegions = (
				English,
				en,
				Base,
			);
			mainGroup = 426E88031CDA40AD00C7FF25;
			productRefGroup = 426E880D1CDA40AE00C7FF25 /* Products */;
			projectDirPath = "";
			projectRoot = "";
			targets = (
				426E880B1CDA40AE00C7FF25 /* SurgeiOSDemoApp */,
				426E88241CDA40AE00C7FF25 /* SurgeiOSDemoAppTests */,
				426E882F1CDA40AE00C7FF25 /* SurgeiOSDemoAppUITests */,
			);
		};
/* End PBXProject section */

/* Begin PBXResourcesBuildPhase section */
		426E880A1CDA40AE00C7FF25 /* Resources */ = {
			isa = PBXResourcesBuildPhase;
			buildActionMask = 2147483647;
			files = (
				426E881F1CDA40AE00C7FF25 /* LaunchScreen.storyboard in Resources */,
				7C97111E1F7105C0004A8158 /* PlaybackCollectionViewCell.xib in Resources */,
				7CC3D3841F73CF2300BE38E4 /* Main-iPad.storyboard in Resources */,
				7C9711201F712C7C004A8158 /* Assets.xcassets in Resources */,
				426E881A1CDA40AE00C7FF25 /* Main-iPhone.storyboard in Resources */,
				7CC3D38C1F73D18800BE38E4 /* AddAddressViewController.xib in Resources */,
				7CC3D3911F73D3B600BE38E4 /* TextFieldCell.xib in Resources */,
			);
			runOnlyForDeploymentPostprocessing = 0;
		};
		426E88231CDA40AE00C7FF25 /* Resources */ = {
			isa = PBXResourcesBuildPhase;
			buildActionMask = 2147483647;
			files = (
			);
			runOnlyForDeploymentPostprocessing = 0;
		};
		426E882E1CDA40AE00C7FF25 /* Resources */ = {
			isa = PBXResourcesBuildPhase;
			buildActionMask = 2147483647;
			files = (
			);
			runOnlyForDeploymentPostprocessing = 0;
		};
/* End PBXResourcesBuildPhase section */

/* Begin PBXSourcesBuildPhase section */
		426E88081CDA40AE00C7FF25 /* Sources */ = {
			isa = PBXSourcesBuildPhase;
			buildActionMask = 2147483647;
			files = (
				426E88141CDA40AE00C7FF25 /* AppDelegate.m in Sources */,
				7C97111C1F7100FD004A8158 /* PlaybackCollectionViewCell.m in Sources */,
				7CC3D3901F73D3B600BE38E4 /* TextFieldCell.m in Sources */,
				7CC3D38B1F73D18800BE38E4 /* AddAddressViewController.m in Sources */,
				7CD256741D9E71B700300A88 /* AddressesTableViewController.m in Sources */,
				7C55BE6C1F75140700CCDD43 /* RtspAddress.m in Sources */,
				7C1AD4EB1F8D20AD00F17E78 /* PlaybackManager.m in Sources */,
				7C1AD4EE1F8D20DC00F17E78 /* PlaybackStream.m in Sources */,
				426E88111CDA40AE00C7FF25 /* main.m in Sources */,
				7C6011BB1FB2060400FE497A /* SURFaceDetectionImageView.m in Sources */,
				7CD256771D9E722C00300A88 /* PlaybackViewController.m in Sources */,
				7C55BE6B1F75140300CCDD43 /* NSArray+RtspAddressStorage.m in Sources */,
				7CC3D3971F73F97D00BE38E4 /* AddressSearchResultsTableViewController.m in Sources */,
			);
			runOnlyForDeploymentPostprocessing = 0;
		};
		426E88211CDA40AE00C7FF25 /* Sources */ = {
			isa = PBXSourcesBuildPhase;
			buildActionMask = 2147483647;
			files = (
				426E882A1CDA40AE00C7FF25 /* SurgeiOSDemoAppTests.m in Sources */,
			);
			runOnlyForDeploymentPostprocessing = 0;
		};
		426E882C1CDA40AE00C7FF25 /* Sources */ = {
			isa = PBXSourcesBuildPhase;
			buildActionMask = 2147483647;
			files = (
				426E88351CDA40AE00C7FF25 /* SurgeiOSDemoAppUITests.m in Sources */,
			);
			runOnlyForDeploymentPostprocessing = 0;
		};
/* End PBXSourcesBuildPhase section */

/* Begin PBXTargetDependency section */
		426E88271CDA40AE00C7FF25 /* PBXTargetDependency */ = {
			isa = PBXTargetDependency;
			target = 426E880B1CDA40AE00C7FF25 /* SurgeiOSDemoApp */;
			targetProxy = 426E88261CDA40AE00C7FF25 /* PBXContainerItemProxy */;
		};
		426E88321CDA40AE00C7FF25 /* PBXTargetDependency */ = {
			isa = PBXTargetDependency;
			target = 426E880B1CDA40AE00C7FF25 /* SurgeiOSDemoApp */;
			targetProxy = 426E88311CDA40AE00C7FF25 /* PBXContainerItemProxy */;
		};
/* End PBXTargetDependency section */

/* Begin PBXVariantGroup section */
		426E88181CDA40AE00C7FF25 /* Main-iPhone.storyboard */ = {
			isa = PBXVariantGroup;
			children = (
				426E88191CDA40AE00C7FF25 /* Base */,
			);
			name = "Main-iPhone.storyboard";
			sourceTree = "<group>";
		};
		426E881D1CDA40AE00C7FF25 /* LaunchScreen.storyboard */ = {
			isa = PBXVariantGroup;
			children = (
				426E881E1CDA40AE00C7FF25 /* Base */,
			);
			name = LaunchScreen.storyboard;
			sourceTree = "<group>";
		};
		7CC3D3821F73CE1400BE38E4 /* Main-iPad.storyboard */ = {
			isa = PBXVariantGroup;
			children = (
				7CC3D3831F73CE1400BE38E4 /* Base */,
			);
			name = "Main-iPad.storyboard";
			sourceTree = "<group>";
		};
/* End PBXVariantGroup section */

/* Begin XCBuildConfiguration section */
		426E88371CDA40AE00C7FF25 /* Debug */ = {
			isa = XCBuildConfiguration;
			buildSettings = {
				ALWAYS_SEARCH_USER_PATHS = NO;
				CLANG_ANALYZER_NONNULL = YES;
				CLANG_CXX_LANGUAGE_STANDARD = "gnu++0x";
				CLANG_CXX_LIBRARY = "libc++";
				CLANG_ENABLE_MODULES = YES;
				CLANG_ENABLE_OBJC_ARC = YES;
				CLANG_WARN_BLOCK_CAPTURE_AUTORELEASING = YES;
				CLANG_WARN_BOOL_CONVERSION = YES;
				CLANG_WARN_COMMA = YES;
				CLANG_WARN_CONSTANT_CONVERSION = YES;
				CLANG_WARN_DIRECT_OBJC_ISA_USAGE = YES_ERROR;
				CLANG_WARN_EMPTY_BODY = YES;
				CLANG_WARN_ENUM_CONVERSION = YES;
				CLANG_WARN_INFINITE_RECURSION = YES;
				CLANG_WARN_INT_CONVERSION = YES;
				CLANG_WARN_NON_LITERAL_NULL_CONVERSION = YES;
				CLANG_WARN_OBJC_LITERAL_CONVERSION = YES;
				CLANG_WARN_OBJC_ROOT_CLASS = YES_ERROR;
				CLANG_WARN_RANGE_LOOP_ANALYSIS = YES;
				CLANG_WARN_STRICT_PROTOTYPES = YES;
				CLANG_WARN_SUSPICIOUS_MOVE = YES;
				CLANG_WARN_UNREACHABLE_CODE = YES;
				CLANG_WARN__DUPLICATE_METHOD_MATCH = YES;
				"CODE_SIGN_IDENTITY[sdk=iphoneos*]" = "iPhone Developer";
				COPY_PHASE_STRIP = NO;
				DEBUG_INFORMATION_FORMAT = dwarf;
				ENABLE_STRICT_OBJC_MSGSEND = YES;
				ENABLE_TESTABILITY = YES;
				GCC_C_LANGUAGE_STANDARD = gnu99;
				GCC_DYNAMIC_NO_PIC = NO;
				GCC_NO_COMMON_BLOCKS = YES;
				GCC_OPTIMIZATION_LEVEL = 0;
				GCC_PREPROCESSOR_DEFINITIONS = (
					"DEBUG=1",
					"$(inherited)",
				);
				GCC_WARN_64_TO_32_BIT_CONVERSION = YES;
				GCC_WARN_ABOUT_RETURN_TYPE = YES_ERROR;
				GCC_WARN_UNDECLARED_SELECTOR = YES;
				GCC_WARN_UNINITIALIZED_AUTOS = YES_AGGRESSIVE;
				GCC_WARN_UNUSED_FUNCTION = YES;
				GCC_WARN_UNUSED_VARIABLE = YES;
				IPHONEOS_DEPLOYMENT_TARGET = 9.3;
				MTL_ENABLE_DEBUG_INFO = YES;
				ONLY_ACTIVE_ARCH = YES;
				SDKROOT = iphoneos;
				TARGETED_DEVICE_FAMILY = "1,2";
			};
			name = Debug;
		};
		426E88381CDA40AE00C7FF25 /* Release */ = {
			isa = XCBuildConfiguration;
			buildSettings = {
				ALWAYS_SEARCH_USER_PATHS = NO;
				CLANG_ANALYZER_NONNULL = YES;
				CLANG_CXX_LANGUAGE_STANDARD = "gnu++0x";
				CLANG_CXX_LIBRARY = "libc++";
				CLANG_ENABLE_MODULES = YES;
				CLANG_ENABLE_OBJC_ARC = YES;
				CLANG_WARN_BLOCK_CAPTURE_AUTORELEASING = YES;
				CLANG_WARN_BOOL_CONVERSION = YES;
				CLANG_WARN_COMMA = YES;
				CLANG_WARN_CONSTANT_CONVERSION = YES;
				CLANG_WARN_DIRECT_OBJC_ISA_USAGE = YES_ERROR;
				CLANG_WARN_EMPTY_BODY = YES;
				CLANG_WARN_ENUM_CONVERSION = YES;
				CLANG_WARN_INFINITE_RECURSION = YES;
				CLANG_WARN_INT_CONVERSION = YES;
				CLANG_WARN_NON_LITERAL_NULL_CONVERSION = YES;
				CLANG_WARN_OBJC_LITERAL_CONVERSION = YES;
				CLANG_WARN_OBJC_ROOT_CLASS = YES_ERROR;
				CLANG_WARN_RANGE_LOOP_ANALYSIS = YES;
				CLANG_WARN_STRICT_PROTOTYPES = YES;
				CLANG_WARN_SUSPICIOUS_MOVE = YES;
				CLANG_WARN_UNREACHABLE_CODE = YES;
				CLANG_WARN__DUPLICATE_METHOD_MATCH = YES;
				"CODE_SIGN_IDENTITY[sdk=iphoneos*]" = "iPhone Developer";
				COPY_PHASE_STRIP = NO;
				DEBUG_INFORMATION_FORMAT = "dwarf-with-dsym";
				ENABLE_NS_ASSERTIONS = NO;
				ENABLE_STRICT_OBJC_MSGSEND = YES;
				GCC_C_LANGUAGE_STANDARD = gnu99;
				GCC_NO_COMMON_BLOCKS = YES;
				GCC_WARN_64_TO_32_BIT_CONVERSION = YES;
				GCC_WARN_ABOUT_RETURN_TYPE = YES_ERROR;
				GCC_WARN_UNDECLARED_SELECTOR = YES;
				GCC_WARN_UNINITIALIZED_AUTOS = YES_AGGRESSIVE;
				GCC_WARN_UNUSED_FUNCTION = YES;
				GCC_WARN_UNUSED_VARIABLE = YES;
				IPHONEOS_DEPLOYMENT_TARGET = 9.3;
				MTL_ENABLE_DEBUG_INFO = NO;
				SDKROOT = iphoneos;
				TARGETED_DEVICE_FAMILY = "1,2";
				VALIDATE_PRODUCT = YES;
			};
			name = Release;
		};
		426E883A1CDA40AE00C7FF25 /* Debug */ = {
			isa = XCBuildConfiguration;
			buildSettings = {
				ASSETCATALOG_COMPILER_APPICON_NAME = AppIcon;
				CODE_SIGN_IDENTITY = "iPhone Developer";
				CODE_SIGN_STYLE = Automatic;
				DEVELOPMENT_TEAM = M6W9FG2WLN;
				INFOPLIST_FILE = SurgeiOSDemoApp/Info.plist;
				IPHONEOS_DEPLOYMENT_TARGET = 11.0;
				LD_RUNPATH_SEARCH_PATHS = "$(inherited) @executable_path/Frameworks";
				PRODUCT_BUNDLE_IDENTIFIER = co.instil.surgedemo;
				PRODUCT_NAME = "$(TARGET_NAME)";
				PROVISIONING_PROFILE_SPECIFIER = "";
				SKIP_INSTALL = NO;
			};
			name = Debug;
		};
		426E883B1CDA40AE00C7FF25 /* Release */ = {
			isa = XCBuildConfiguration;
			buildSettings = {
				ASSETCATALOG_COMPILER_APPICON_NAME = AppIcon;
				CODE_SIGN_IDENTITY = "iPhone Developer";
				CODE_SIGN_STYLE = Automatic;
				DEBUG_INFORMATION_FORMAT = dwarf;
				DEVELOPMENT_TEAM = M6W9FG2WLN;
				INFOPLIST_FILE = SurgeiOSDemoApp/Info.plist;
				IPHONEOS_DEPLOYMENT_TARGET = 11.0;
				LD_RUNPATH_SEARCH_PATHS = "$(inherited) @executable_path/Frameworks";
				ONLY_ACTIVE_ARCH = YES;
				PRODUCT_BUNDLE_IDENTIFIER = co.instil.surgedemo;
				PRODUCT_NAME = "$(TARGET_NAME)";
				PROVISIONING_PROFILE_SPECIFIER = "";
				SKIP_INSTALL = NO;
			};
			name = Release;
		};
		426E883D1CDA40AE00C7FF25 /* Debug */ = {
			isa = XCBuildConfiguration;
			buildSettings = {
				BUNDLE_LOADER = "$(TEST_HOST)";
				INFOPLIST_FILE = SurgeiOSDemoAppTests/Info.plist;
				LD_RUNPATH_SEARCH_PATHS = "$(inherited) @executable_path/Frameworks @loader_path/Frameworks";
				PRODUCT_BUNDLE_IDENTIFIER = co.instil.SurgeiOSDemoAppTests;
				PRODUCT_NAME = "$(TARGET_NAME)";
				TEST_HOST = "$(BUILT_PRODUCTS_DIR)/SurgeiOSDemoApp.app/SurgeiOSDemoApp";
			};
			name = Debug;
		};
		426E883E1CDA40AE00C7FF25 /* Release */ = {
			isa = XCBuildConfiguration;
			buildSettings = {
				BUNDLE_LOADER = "$(TEST_HOST)";
				INFOPLIST_FILE = SurgeiOSDemoAppTests/Info.plist;
				LD_RUNPATH_SEARCH_PATHS = "$(inherited) @executable_path/Frameworks @loader_path/Frameworks";
				PRODUCT_BUNDLE_IDENTIFIER = co.instil.SurgeiOSDemoAppTests;
				PRODUCT_NAME = "$(TARGET_NAME)";
				TEST_HOST = "$(BUILT_PRODUCTS_DIR)/SurgeiOSDemoApp.app/SurgeiOSDemoApp";
			};
			name = Release;
		};
		426E88401CDA40AE00C7FF25 /* Debug */ = {
			isa = XCBuildConfiguration;
			buildSettings = {
				INFOPLIST_FILE = SurgeiOSDemoAppUITests/Info.plist;
				LD_RUNPATH_SEARCH_PATHS = "$(inherited) @executable_path/Frameworks @loader_path/Frameworks";
				PRODUCT_BUNDLE_IDENTIFIER = co.instil.SurgeiOSDemoAppUITests;
				PRODUCT_NAME = "$(TARGET_NAME)";
				TEST_TARGET_NAME = SurgeiOSDemoApp;
			};
			name = Debug;
		};
		426E88411CDA40AE00C7FF25 /* Release */ = {
			isa = XCBuildConfiguration;
			buildSettings = {
				INFOPLIST_FILE = SurgeiOSDemoAppUITests/Info.plist;
				LD_RUNPATH_SEARCH_PATHS = "$(inherited) @executable_path/Frameworks @loader_path/Frameworks";
				PRODUCT_BUNDLE_IDENTIFIER = co.instil.SurgeiOSDemoAppUITests;
				PRODUCT_NAME = "$(TARGET_NAME)";
				TEST_TARGET_NAME = SurgeiOSDemoApp;
			};
			name = Release;
		};
/* End XCBuildConfiguration section */

/* Begin XCConfigurationList section */
		426E88071CDA40AD00C7FF25 /* Build configuration list for PBXProject "SurgeiOSDemoApp" */ = {
			isa = XCConfigurationList;
			buildConfigurations = (
				426E88371CDA40AE00C7FF25 /* Debug */,
				426E88381CDA40AE00C7FF25 /* Release */,
			);
			defaultConfigurationIsVisible = 0;
			defaultConfigurationName = Release;
		};
		426E88391CDA40AE00C7FF25 /* Build configuration list for PBXNativeTarget "SurgeiOSDemoApp" */ = {
			isa = XCConfigurationList;
			buildConfigurations = (
				426E883A1CDA40AE00C7FF25 /* Debug */,
				426E883B1CDA40AE00C7FF25 /* Release */,
			);
			defaultConfigurationIsVisible = 0;
			defaultConfigurationName = Release;
		};
		426E883C1CDA40AE00C7FF25 /* Build configuration list for PBXNativeTarget "SurgeiOSDemoAppTests" */ = {
			isa = XCConfigurationList;
			buildConfigurations = (
				426E883D1CDA40AE00C7FF25 /* Debug */,
				426E883E1CDA40AE00C7FF25 /* Release */,
			);
			defaultConfigurationIsVisible = 0;
			defaultConfigurationName = Release;
		};
		426E883F1CDA40AE00C7FF25 /* Build configuration list for PBXNativeTarget "SurgeiOSDemoAppUITests" */ = {
			isa = XCConfigurationList;
			buildConfigurations = (
				426E88401CDA40AE00C7FF25 /* Debug */,
				426E88411CDA40AE00C7FF25 /* Release */,
			);
			defaultConfigurationIsVisible = 0;
			defaultConfigurationName = Release;
		};
/* End XCConfigurationList section */
	};
	rootObject = 426E88041CDA40AD00C7FF25 /* Project object */;
}
