// !$*UTF8*$!
{
	archiveVersion = 1;
	classes = {
	};
	objectVersion = 46;
	objects = {

/* Begin PBXBuildFile section */
		422E8E461CBB1F500092FFB3 /* VideoToolbox.framework in Frameworks */ = {isa = PBXBuildFile; fileRef = 422E8E451CBB1F500092FFB3 /* VideoToolbox.framework */; };
		422E8E481CBB1F840092FFB3 /* CoreVideo.framework in Frameworks */ = {isa = PBXBuildFile; fileRef = 422E8E471CBB1F840092FFB3 /* CoreVideo.framework */; };
		422E8E4A1CBB1F910092FFB3 /* CoreVideo.framework in Frameworks */ = {isa = PBXBuildFile; fileRef = 422E8E491CBB1F910092FFB3 /* CoreVideo.framework */; };
		422E8E4C1CBB1FA00092FFB3 /* CoreVideo.framework in Frameworks */ = {isa = PBXBuildFile; fileRef = 422E8E4B1CBB1FA00092FFB3 /* CoreVideo.framework */; };
		422E8E4E1CBB1FA50092FFB3 /* VideoToolbox.framework in Frameworks */ = {isa = PBXBuildFile; fileRef = 422E8E4D1CBB1FA50092FFB3 /* VideoToolbox.framework */; };
		423B75B61CBAC0D4009204D5 /* UIKit.framework in Frameworks */ = {isa = PBXBuildFile; fileRef = 423B75B51CBAC0D4009204D5 /* UIKit.framework */; };
		4241D4E71CBB01160087BAAF /* SurgeMacOS.h in Headers */ = {isa = PBXBuildFile; fileRef = 4241D4E61CBB01160087BAAF /* SurgeMacOS.h */; settings = {ATTRIBUTES = (Public, ); }; };
		4241D4ED1CBB014C0087BAAF /* SurgeLogging.h in Headers */ = {isa = PBXBuildFile; fileRef = 42EFF88C1CAD40410056B9F3 /* SurgeLogging.h */; };
		4241D4F71CBB01800087BAAF /* SurgeRtspPlayer.mm in Sources */ = {isa = PBXBuildFile; fileRef = 42EFF7861CAADB330056B9F3 /* SurgeRtspPlayer.mm */; };
		4241D51A1CBB04AC0087BAAF /* SurgeRtspPlayer.h in Headers */ = {isa = PBXBuildFile; fileRef = 42EFF7851CAADB330056B9F3 /* SurgeRtspPlayer.h */; settings = {ATTRIBUTES = (Public, ); }; };
		4241D51E1CBB07F80087BAAF /* AppKit.framework in Frameworks */ = {isa = PBXBuildFile; fileRef = 4241D51D1CBB07F80087BAAF /* AppKit.framework */; };
		425630EF1CBAA31700E347C0 /* SurgeRtspPlayer.mm in Sources */ = {isa = PBXBuildFile; fileRef = 42EFF7861CAADB330056B9F3 /* SurgeRtspPlayer.mm */; };
		426A40E41CB1A3F200A4712B /* UIKit.framework in Frameworks */ = {isa = PBXBuildFile; fileRef = 426A40E31CB1A3F200A4712B /* UIKit.framework */; };
		42AD016A1CE6267E00EA072F /* BitstreamReader.h in Headers */ = {isa = PBXBuildFile; fileRef = 42AD01661CE6267E00EA072F /* BitstreamReader.h */; };
		42AD016B1CE6267E00EA072F /* BitstreamReader.h in Headers */ = {isa = PBXBuildFile; fileRef = 42AD01661CE6267E00EA072F /* BitstreamReader.h */; };
		42AD016C1CE6267E00EA072F /* BitstreamReader.h in Headers */ = {isa = PBXBuildFile; fileRef = 42AD01661CE6267E00EA072F /* BitstreamReader.h */; };
		42AD016D1CE6267E00EA072F /* BitstreamReader.m in Sources */ = {isa = PBXBuildFile; fileRef = 42AD01671CE6267E00EA072F /* BitstreamReader.m */; };
		42AD016E1CE6267E00EA072F /* BitstreamReader.m in Sources */ = {isa = PBXBuildFile; fileRef = 42AD01671CE6267E00EA072F /* BitstreamReader.m */; };
		42AD016F1CE6267E00EA072F /* BitstreamReader.m in Sources */ = {isa = PBXBuildFile; fileRef = 42AD01671CE6267E00EA072F /* BitstreamReader.m */; };
		42AD01781CE6317800EA072F /* BitstreamWriter.h in Headers */ = {isa = PBXBuildFile; fileRef = 42AD01761CE6317800EA072F /* BitstreamWriter.h */; };
		42AD01791CE6317800EA072F /* BitstreamWriter.h in Headers */ = {isa = PBXBuildFile; fileRef = 42AD01761CE6317800EA072F /* BitstreamWriter.h */; };
		42AD017A1CE6317800EA072F /* BitstreamWriter.h in Headers */ = {isa = PBXBuildFile; fileRef = 42AD01761CE6317800EA072F /* BitstreamWriter.h */; };
		42AD017B1CE6317800EA072F /* BitstreamWriter.m in Sources */ = {isa = PBXBuildFile; fileRef = 42AD01771CE6317800EA072F /* BitstreamWriter.m */; };
		42AD017C1CE6317800EA072F /* BitstreamWriter.m in Sources */ = {isa = PBXBuildFile; fileRef = 42AD01771CE6317800EA072F /* BitstreamWriter.m */; };
		42AD017D1CE6317800EA072F /* BitstreamWriter.m in Sources */ = {isa = PBXBuildFile; fileRef = 42AD01771CE6317800EA072F /* BitstreamWriter.m */; };
		42D672541D306A1A00D42C35 /* libSurgeCore.a in Frameworks */ = {isa = PBXBuildFile; fileRef = 42D672531D306A1A00D42C35 /* libSurgeCore.a */; };
		42D672561D306A2600D42C35 /* libSurgeCore.a in Frameworks */ = {isa = PBXBuildFile; fileRef = 42D672551D306A2600D42C35 /* libSurgeCore.a */; };
		42D672581D306A2E00D42C35 /* libSurgeCore.a in Frameworks */ = {isa = PBXBuildFile; fileRef = 42D672571D306A2E00D42C35 /* libSurgeCore.a */; };
		42DCC2EF1CC2D68A00497306 /* SurgeNalUnitParser.h in Headers */ = {isa = PBXBuildFile; fileRef = 42DCC2E21CC2D68A00497306 /* SurgeNalUnitParser.h */; };
		42DCC2F01CC2D68A00497306 /* SurgeNalUnitParser.h in Headers */ = {isa = PBXBuildFile; fileRef = 42DCC2E21CC2D68A00497306 /* SurgeNalUnitParser.h */; };
		42DCC2F11CC2D68A00497306 /* SurgeNalUnitParser.h in Headers */ = {isa = PBXBuildFile; fileRef = 42DCC2E21CC2D68A00497306 /* SurgeNalUnitParser.h */; };
		42DCC2F21CC2D68A00497306 /* SurgeNalUnitParser.m in Sources */ = {isa = PBXBuildFile; fileRef = 42DCC2E31CC2D68A00497306 /* SurgeNalUnitParser.m */; };
		42DCC2F31CC2D68A00497306 /* SurgeNalUnitParser.m in Sources */ = {isa = PBXBuildFile; fileRef = 42DCC2E31CC2D68A00497306 /* SurgeNalUnitParser.m */; };
		42DCC2F41CC2D68A00497306 /* SurgeNalUnitParser.m in Sources */ = {isa = PBXBuildFile; fileRef = 42DCC2E31CC2D68A00497306 /* SurgeNalUnitParser.m */; };
		42DCC2F51CC2D68A00497306 /* SurgeNalUnit.h in Headers */ = {isa = PBXBuildFile; fileRef = 42DCC2E41CC2D68A00497306 /* SurgeNalUnit.h */; };
		42DCC2F61CC2D68A00497306 /* SurgeNalUnit.h in Headers */ = {isa = PBXBuildFile; fileRef = 42DCC2E41CC2D68A00497306 /* SurgeNalUnit.h */; };
		42DCC2F71CC2D68A00497306 /* SurgeNalUnit.h in Headers */ = {isa = PBXBuildFile; fileRef = 42DCC2E41CC2D68A00497306 /* SurgeNalUnit.h */; };
		42DCC2F81CC2D68A00497306 /* SurgeNalUnit.m in Sources */ = {isa = PBXBuildFile; fileRef = 42DCC2E51CC2D68A00497306 /* SurgeNalUnit.m */; };
		42DCC2F91CC2D68A00497306 /* SurgeNalUnit.m in Sources */ = {isa = PBXBuildFile; fileRef = 42DCC2E51CC2D68A00497306 /* SurgeNalUnit.m */; };
		42DCC2FA1CC2D68A00497306 /* SurgeNalUnit.m in Sources */ = {isa = PBXBuildFile; fileRef = 42DCC2E51CC2D68A00497306 /* SurgeNalUnit.m */; };
		42DCC2FE1CC2D68A00497306 /* SurgeH264Decoder.h in Headers */ = {isa = PBXBuildFile; fileRef = 42DCC2E71CC2D68A00497306 /* SurgeH264Decoder.h */; };
		42DCC2FF1CC2D68A00497306 /* SurgeH264Decoder.h in Headers */ = {isa = PBXBuildFile; fileRef = 42DCC2E71CC2D68A00497306 /* SurgeH264Decoder.h */; };
		42DCC3001CC2D68A00497306 /* SurgeH264Decoder.h in Headers */ = {isa = PBXBuildFile; fileRef = 42DCC2E71CC2D68A00497306 /* SurgeH264Decoder.h */; };
		42DCC3011CC2D68A00497306 /* SurgeH264Decoder.m in Sources */ = {isa = PBXBuildFile; fileRef = 42DCC2E81CC2D68A00497306 /* SurgeH264Decoder.m */; };
		42DCC3021CC2D68A00497306 /* SurgeH264Decoder.m in Sources */ = {isa = PBXBuildFile; fileRef = 42DCC2E81CC2D68A00497306 /* SurgeH264Decoder.m */; };
		42DCC3031CC2D68A00497306 /* SurgeH264Decoder.m in Sources */ = {isa = PBXBuildFile; fileRef = 42DCC2E81CC2D68A00497306 /* SurgeH264Decoder.m */; };
		42DCC3041CC2D68A00497306 /* SurgeMp4vDecoder.h in Headers */ = {isa = PBXBuildFile; fileRef = 42DCC2EB1CC2D68A00497306 /* SurgeMp4vDecoder.h */; };
		42DCC3051CC2D68A00497306 /* SurgeMp4vDecoder.h in Headers */ = {isa = PBXBuildFile; fileRef = 42DCC2EB1CC2D68A00497306 /* SurgeMp4vDecoder.h */; };
		42DCC3061CC2D68A00497306 /* SurgeMp4vDecoder.h in Headers */ = {isa = PBXBuildFile; fileRef = 42DCC2EB1CC2D68A00497306 /* SurgeMp4vDecoder.h */; };
		42DCC3081CC2D68A00497306 /* SurgeMp4vDecoder.m in Sources */ = {isa = PBXBuildFile; fileRef = 42DCC2EC1CC2D68A00497306 /* SurgeMp4vDecoder.m */; };
		42DCC3091CC2D68A00497306 /* SurgeMp4vDecoder.m in Sources */ = {isa = PBXBuildFile; fileRef = 42DCC2EC1CC2D68A00497306 /* SurgeMp4vDecoder.m */; };
		42DCC30A1CC2D68A00497306 /* SurgeDecoder.h in Headers */ = {isa = PBXBuildFile; fileRef = 42DCC2ED1CC2D68A00497306 /* SurgeDecoder.h */; };
		42DCC30B1CC2D68A00497306 /* SurgeDecoder.h in Headers */ = {isa = PBXBuildFile; fileRef = 42DCC2ED1CC2D68A00497306 /* SurgeDecoder.h */; };
		42DCC30C1CC2D68A00497306 /* SurgeDecoder.h in Headers */ = {isa = PBXBuildFile; fileRef = 42DCC2ED1CC2D68A00497306 /* SurgeDecoder.h */; };
		42DCC30D1CC2D68A00497306 /* SurgeDecoder.m in Sources */ = {isa = PBXBuildFile; fileRef = 42DCC2EE1CC2D68A00497306 /* SurgeDecoder.m */; };
		42DCC30E1CC2D68A00497306 /* SurgeDecoder.m in Sources */ = {isa = PBXBuildFile; fileRef = 42DCC2EE1CC2D68A00497306 /* SurgeDecoder.m */; };
		42DCC30F1CC2D68A00497306 /* SurgeDecoder.m in Sources */ = {isa = PBXBuildFile; fileRef = 42DCC2EE1CC2D68A00497306 /* SurgeDecoder.m */; };
		42DCC3101CC30C5300497306 /* SurgeMp4vDecoder.m in Sources */ = {isa = PBXBuildFile; fileRef = 42DCC2EC1CC2D68A00497306 /* SurgeMp4vDecoder.m */; };
		42DCC3131CC31B1100497306 /* SurgeMjpegDecoder.h in Headers */ = {isa = PBXBuildFile; fileRef = 42DCC3111CC31B1100497306 /* SurgeMjpegDecoder.h */; };
		42DCC3141CC31B1100497306 /* SurgeMjpegDecoder.h in Headers */ = {isa = PBXBuildFile; fileRef = 42DCC3111CC31B1100497306 /* SurgeMjpegDecoder.h */; };
		42DCC3151CC31B1100497306 /* SurgeMjpegDecoder.h in Headers */ = {isa = PBXBuildFile; fileRef = 42DCC3111CC31B1100497306 /* SurgeMjpegDecoder.h */; };
		42DCC3161CC31B1100497306 /* SurgeMjpegDecoder.m in Sources */ = {isa = PBXBuildFile; fileRef = 42DCC3121CC31B1100497306 /* SurgeMjpegDecoder.m */; };
		42DCC3171CC31B1100497306 /* SurgeMjpegDecoder.m in Sources */ = {isa = PBXBuildFile; fileRef = 42DCC3121CC31B1100497306 /* SurgeMjpegDecoder.m */; };
		42DCC3181CC31B1100497306 /* SurgeMjpegDecoder.m in Sources */ = {isa = PBXBuildFile; fileRef = 42DCC3121CC31B1100497306 /* SurgeMjpegDecoder.m */; };
		42EE5C151CA35C4D00204F31 /* SurgeiOS.h in Headers */ = {isa = PBXBuildFile; fileRef = 42EE5C141CA35C4D00204F31 /* SurgeiOS.h */; settings = {ATTRIBUTES = (Public, ); }; };
		42EE5C2F1CA35C8100204F31 /* SurgeTvOS.h in Headers */ = {isa = PBXBuildFile; fileRef = 42EE5C2E1CA35C8100204F31 /* SurgeTvOS.h */; settings = {ATTRIBUTES = (Public, ); }; };
		42EFF7871CAADB330056B9F3 /* SurgeRtspPlayer.h in Headers */ = {isa = PBXBuildFile; fileRef = 42EFF7851CAADB330056B9F3 /* SurgeRtspPlayer.h */; settings = {ATTRIBUTES = (Public, ); }; };
		42EFF7881CAADB330056B9F3 /* SurgeRtspPlayer.h in Headers */ = {isa = PBXBuildFile; fileRef = 42EFF7851CAADB330056B9F3 /* SurgeRtspPlayer.h */; settings = {ATTRIBUTES = (Public, ); }; };
		42EFF7891CAADB330056B9F3 /* SurgeRtspPlayer.mm in Sources */ = {isa = PBXBuildFile; fileRef = 42EFF7861CAADB330056B9F3 /* SurgeRtspPlayer.mm */; };
		42EFF88E1CAD40410056B9F3 /* SurgeLogging.h in Headers */ = {isa = PBXBuildFile; fileRef = 42EFF88C1CAD40410056B9F3 /* SurgeLogging.h */; };
		42EFF8901CAD40410056B9F3 /* SurgeLogging.h in Headers */ = {isa = PBXBuildFile; fileRef = 42EFF88C1CAD40410056B9F3 /* SurgeLogging.h */; };
		F41D9E4D1D940B95005D2B0A /* SurgeRtspPlayer_Private.h in Headers */ = {isa = PBXBuildFile; fileRef = F4588B381D93D8110071CE3D /* SurgeRtspPlayer_Private.h */; };
		F41D9E4E1D940B96005D2B0A /* SurgeRtspPlayer_Private.h in Headers */ = {isa = PBXBuildFile; fileRef = F4588B381D93D8110071CE3D /* SurgeRtspPlayer_Private.h */; };
		F41D9E4F1D940B96005D2B0A /* SurgeRtspPlayer_Private.h in Headers */ = {isa = PBXBuildFile; fileRef = F4588B381D93D8110071CE3D /* SurgeRtspPlayer_Private.h */; };
		F45A89D220F50833003C4D81 /* libcrypto.a in Frameworks */ = {isa = PBXBuildFile; fileRef = F45A89D020F50833003C4D81 /* libcrypto.a */; };
		F45A89D320F50833003C4D81 /* libssl.a in Frameworks */ = {isa = PBXBuildFile; fileRef = F45A89D120F50833003C4D81 /* libssl.a */; };
		F48C83D3210F44B100A632BF /* Authenticator.h in Headers */ = {isa = PBXBuildFile; fileRef = F4905BE3210F15C300903D27 /* Authenticator.h */; settings = {ATTRIBUTES = (Public, ); }; };
		F48C83D4210F44B200A632BF /* Authenticator.h in Headers */ = {isa = PBXBuildFile; fileRef = F4905BE3210F15C300903D27 /* Authenticator.h */; settings = {ATTRIBUTES = (Public, ); }; };
		F48C83D5210F44B300A632BF /* Authenticator.h in Headers */ = {isa = PBXBuildFile; fileRef = F4905BE3210F15C300903D27 /* Authenticator.h */; settings = {ATTRIBUTES = (Public, ); }; };
		F48C83D6210F44B800A632BF /* AuthenticatorMapper.h in Headers */ = {isa = PBXBuildFile; fileRef = F4905BE4210F17B000903D27 /* AuthenticatorMapper.h */; };
		F48C83D7210F44B900A632BF /* AuthenticatorMapper.h in Headers */ = {isa = PBXBuildFile; fileRef = F4905BE4210F17B000903D27 /* AuthenticatorMapper.h */; };
		F4905BE6210F17B000903D27 /* AuthenticatorMapper.h in Headers */ = {isa = PBXBuildFile; fileRef = F4905BE4210F17B000903D27 /* AuthenticatorMapper.h */; };
		F4905BE7210F17B000903D27 /* AuthenticatorMapper.mm in Sources */ = {isa = PBXBuildFile; fileRef = F4905BE5210F17B000903D27 /* AuthenticatorMapper.mm */; };
		F4905BE8210F17B400903D27 /* AuthenticatorMapper.mm in Sources */ = {isa = PBXBuildFile; fileRef = F4905BE5210F17B000903D27 /* AuthenticatorMapper.mm */; };
		F4905BE9210F17B400903D27 /* AuthenticatorMapper.mm in Sources */ = {isa = PBXBuildFile; fileRef = F4905BE5210F17B000903D27 /* AuthenticatorMapper.mm */; };
		F497B42F20E120A20067D92A /* libssl.a in Frameworks */ = {isa = PBXBuildFile; fileRef = F497B42D20E120A10067D92A /* libssl.a */; };
		F497B43020E120A20067D92A /* libcrypto.a in Frameworks */ = {isa = PBXBuildFile; fileRef = F497B42E20E120A20067D92A /* libcrypto.a */; };
		F4B2A0101D4B87C100979ABB /* NSDate+SurgeExtensions.h in Headers */ = {isa = PBXBuildFile; fileRef = F4B2A00E1D4B87C100979ABB /* NSDate+SurgeExtensions.h */; };
		F4B2A0111D4B87C100979ABB /* NSDate+SurgeExtensions.h in Headers */ = {isa = PBXBuildFile; fileRef = F4B2A00E1D4B87C100979ABB /* NSDate+SurgeExtensions.h */; };
		F4B2A0121D4B87C100979ABB /* NSDate+SurgeExtensions.h in Headers */ = {isa = PBXBuildFile; fileRef = F4B2A00E1D4B87C100979ABB /* NSDate+SurgeExtensions.h */; };
		F4B2A0131D4B87C100979ABB /* NSDate+SurgeExtensions.mm in Sources */ = {isa = PBXBuildFile; fileRef = F4B2A00F1D4B87C100979ABB /* NSDate+SurgeExtensions.mm */; };
		F4B2A0141D4B87C100979ABB /* NSDate+SurgeExtensions.mm in Sources */ = {isa = PBXBuildFile; fileRef = F4B2A00F1D4B87C100979ABB /* NSDate+SurgeExtensions.mm */; };
/* End PBXBuildFile section */

/* Begin PBXFileReference section */
		422E8E451CBB1F500092FFB3 /* VideoToolbox.framework */ = {isa = PBXFileReference; lastKnownFileType = wrapper.framework; name = VideoToolbox.framework; path = Platforms/iPhoneOS.platform/Developer/SDKs/iPhoneOS9.3.sdk/System/Library/Frameworks/VideoToolbox.framework; sourceTree = DEVELOPER_DIR; };
		422E8E471CBB1F840092FFB3 /* CoreVideo.framework */ = {isa = PBXFileReference; lastKnownFileType = wrapper.framework; name = CoreVideo.framework; path = Platforms/iPhoneOS.platform/Developer/SDKs/iPhoneOS9.3.sdk/System/Library/Frameworks/CoreVideo.framework; sourceTree = DEVELOPER_DIR; };
		422E8E491CBB1F910092FFB3 /* CoreVideo.framework */ = {isa = PBXFileReference; lastKnownFileType = wrapper.framework; name = CoreVideo.framework; path = Platforms/AppleTVOS.platform/Developer/SDKs/AppleTVOS9.2.sdk/System/Library/Frameworks/CoreVideo.framework; sourceTree = DEVELOPER_DIR; };
		422E8E4B1CBB1FA00092FFB3 /* CoreVideo.framework */ = {isa = PBXFileReference; lastKnownFileType = wrapper.framework; name = CoreVideo.framework; path = System/Library/Frameworks/CoreVideo.framework; sourceTree = SDKROOT; };
		422E8E4D1CBB1FA50092FFB3 /* VideoToolbox.framework */ = {isa = PBXFileReference; lastKnownFileType = wrapper.framework; name = VideoToolbox.framework; path = System/Library/Frameworks/VideoToolbox.framework; sourceTree = SDKROOT; };
		423B75B51CBAC0D4009204D5 /* UIKit.framework */ = {isa = PBXFileReference; lastKnownFileType = wrapper.framework; name = UIKit.framework; path = Platforms/AppleTVOS.platform/Developer/SDKs/AppleTVOS9.2.sdk/System/Library/Frameworks/UIKit.framework; sourceTree = DEVELOPER_DIR; };
		4241D4D41CBAE7C10087BAAF /* libsurge.a */ = {isa = PBXFileReference; lastKnownFileType = archive.ar; name = libsurge.a; path = ../build/src/Debug/libsurge.a; sourceTree = "<group>"; };
		4241D4D61CBAE7C50087BAAF /* libsurge.a */ = {isa = PBXFileReference; lastKnownFileType = archive.ar; name = libsurge.a; path = ../build/src/Debug/libsurge.a; sourceTree = "<group>"; };
		4241D4E41CBB01150087BAAF /* SurgeMacOS.framework */ = {isa = PBXFileReference; explicitFileType = wrapper.framework; includeInIndex = 0; path = SurgeMacOS.framework; sourceTree = BUILT_PRODUCTS_DIR; };
		4241D4E61CBB01160087BAAF /* SurgeMacOS.h */ = {isa = PBXFileReference; lastKnownFileType = sourcecode.c.h; path = SurgeMacOS.h; sourceTree = "<group>"; };
		4241D4E81CBB01160087BAAF /* Info.plist */ = {isa = PBXFileReference; lastKnownFileType = text.plist.xml; path = Info.plist; sourceTree = "<group>"; };
		4241D51B1CBB07F10087BAAF /* libsurge.a */ = {isa = PBXFileReference; lastKnownFileType = archive.ar; name = libsurge.a; path = ../build/src/Debug/libsurge.a; sourceTree = "<group>"; };
		4241D51D1CBB07F80087BAAF /* AppKit.framework */ = {isa = PBXFileReference; lastKnownFileType = wrapper.framework; name = AppKit.framework; path = System/Library/Frameworks/AppKit.framework; sourceTree = SDKROOT; };
		4241D51F1CBB08050087BAAF /* AVKit.framework */ = {isa = PBXFileReference; lastKnownFileType = wrapper.framework; name = AVKit.framework; path = System/Library/Frameworks/AVKit.framework; sourceTree = SDKROOT; };
		426A40E11CB0CF1D00A4712B /* MobileCoreServices.framework */ = {isa = PBXFileReference; lastKnownFileType = wrapper.framework; name = MobileCoreServices.framework; path = Platforms/iPhoneOS.platform/Developer/SDKs/iPhoneOS9.3.sdk/System/Library/Frameworks/MobileCoreServices.framework; sourceTree = DEVELOPER_DIR; };
		426A40E31CB1A3F200A4712B /* UIKit.framework */ = {isa = PBXFileReference; lastKnownFileType = wrapper.framework; name = UIKit.framework; path = Platforms/iPhoneOS.platform/Developer/SDKs/iPhoneOS9.3.sdk/System/Library/Frameworks/UIKit.framework; sourceTree = DEVELOPER_DIR; };
		42AD01661CE6267E00EA072F /* BitstreamReader.h */ = {isa = PBXFileReference; fileEncoding = 4; lastKnownFileType = sourcecode.c.h; path = BitstreamReader.h; sourceTree = "<group>"; };
		42AD01671CE6267E00EA072F /* BitstreamReader.m */ = {isa = PBXFileReference; fileEncoding = 4; lastKnownFileType = sourcecode.c.objc; path = BitstreamReader.m; sourceTree = "<group>"; };
		42AD01761CE6317800EA072F /* BitstreamWriter.h */ = {isa = PBXFileReference; fileEncoding = 4; lastKnownFileType = sourcecode.c.h; path = BitstreamWriter.h; sourceTree = "<group>"; };
		42AD01771CE6317800EA072F /* BitstreamWriter.m */ = {isa = PBXFileReference; fileEncoding = 4; lastKnownFileType = sourcecode.c.objc; path = BitstreamWriter.m; sourceTree = "<group>"; };
		42D672531D306A1A00D42C35 /* libSurgeCore.a */ = {isa = PBXFileReference; lastKnownFileType = archive.ar; name = libSurgeCore.a; path = ../SurgeCore/build/Debug/libSurgeCore.a; sourceTree = "<group>"; };
		42D672551D306A2600D42C35 /* libSurgeCore.a */ = {isa = PBXFileReference; lastKnownFileType = archive.ar; name = libSurgeCore.a; path = ../SurgeCore/build/Debug/libSurgeCore.a; sourceTree = "<group>"; };
		42D672571D306A2E00D42C35 /* libSurgeCore.a */ = {isa = PBXFileReference; lastKnownFileType = archive.ar; name = libSurgeCore.a; path = ../SurgeCore/build/Debug/libSurgeCore.a; sourceTree = "<group>"; };
		42DCC2E21CC2D68A00497306 /* SurgeNalUnitParser.h */ = {isa = PBXFileReference; fileEncoding = 4; lastKnownFileType = sourcecode.c.h; path = SurgeNalUnitParser.h; sourceTree = "<group>"; };
		42DCC2E31CC2D68A00497306 /* SurgeNalUnitParser.m */ = {isa = PBXFileReference; fileEncoding = 4; lastKnownFileType = sourcecode.c.objc; path = SurgeNalUnitParser.m; sourceTree = "<group>"; };
		42DCC2E41CC2D68A00497306 /* SurgeNalUnit.h */ = {isa = PBXFileReference; fileEncoding = 4; lastKnownFileType = sourcecode.c.h; path = SurgeNalUnit.h; sourceTree = "<group>"; };
		42DCC2E51CC2D68A00497306 /* SurgeNalUnit.m */ = {isa = PBXFileReference; fileEncoding = 4; lastKnownFileType = sourcecode.c.objc; path = SurgeNalUnit.m; sourceTree = "<group>"; };
		42DCC2E71CC2D68A00497306 /* SurgeH264Decoder.h */ = {isa = PBXFileReference; fileEncoding = 4; lastKnownFileType = sourcecode.c.h; path = SurgeH264Decoder.h; sourceTree = "<group>"; };
		42DCC2E81CC2D68A00497306 /* SurgeH264Decoder.m */ = {isa = PBXFileReference; fileEncoding = 4; lastKnownFileType = sourcecode.c.objc; path = SurgeH264Decoder.m; sourceTree = "<group>"; };
		42DCC2EB1CC2D68A00497306 /* SurgeMp4vDecoder.h */ = {isa = PBXFileReference; fileEncoding = 4; lastKnownFileType = sourcecode.c.h; path = SurgeMp4vDecoder.h; sourceTree = "<group>"; };
		42DCC2EC1CC2D68A00497306 /* SurgeMp4vDecoder.m */ = {isa = PBXFileReference; fileEncoding = 4; lastKnownFileType = sourcecode.c.objc; path = SurgeMp4vDecoder.m; sourceTree = "<group>"; };
		42DCC2ED1CC2D68A00497306 /* SurgeDecoder.h */ = {isa = PBXFileReference; fileEncoding = 4; lastKnownFileType = sourcecode.c.h; path = SurgeDecoder.h; sourceTree = "<group>"; };
		42DCC2EE1CC2D68A00497306 /* SurgeDecoder.m */ = {isa = PBXFileReference; fileEncoding = 4; lastKnownFileType = sourcecode.c.objc; path = SurgeDecoder.m; sourceTree = "<group>"; };
		42DCC3111CC31B1100497306 /* SurgeMjpegDecoder.h */ = {isa = PBXFileReference; fileEncoding = 4; lastKnownFileType = sourcecode.c.h; path = SurgeMjpegDecoder.h; sourceTree = "<group>"; };
		42DCC3121CC31B1100497306 /* SurgeMjpegDecoder.m */ = {isa = PBXFileReference; fileEncoding = 4; lastKnownFileType = sourcecode.c.objc; path = SurgeMjpegDecoder.m; sourceTree = "<group>"; };
		42EE5C121CA35C4D00204F31 /* SurgeiOS.framework */ = {isa = PBXFileReference; explicitFileType = wrapper.framework; includeInIndex = 0; path = SurgeiOS.framework; sourceTree = BUILT_PRODUCTS_DIR; };
		42EE5C141CA35C4D00204F31 /* SurgeiOS.h */ = {isa = PBXFileReference; lastKnownFileType = sourcecode.c.h; path = SurgeiOS.h; sourceTree = "<group>"; };
		42EE5C161CA35C4D00204F31 /* Info.plist */ = {isa = PBXFileReference; lastKnownFileType = text.plist.xml; path = Info.plist; sourceTree = "<group>"; };
		42EE5C2C1CA35C8100204F31 /* SurgeTvOS.framework */ = {isa = PBXFileReference; explicitFileType = wrapper.framework; includeInIndex = 0; path = SurgeTvOS.framework; sourceTree = BUILT_PRODUCTS_DIR; };
		42EE5C2E1CA35C8100204F31 /* SurgeTvOS.h */ = {isa = PBXFileReference; lastKnownFileType = sourcecode.c.h; path = SurgeTvOS.h; sourceTree = "<group>"; };
		42EE5C301CA35C8100204F31 /* Info.plist */ = {isa = PBXFileReference; lastKnownFileType = text.plist.xml; path = Info.plist; sourceTree = "<group>"; };
		42EE5C361CA35D1C00204F31 /* AVKit.framework */ = {isa = PBXFileReference; lastKnownFileType = wrapper.framework; name = AVKit.framework; path = Platforms/AppleTVOS.platform/Developer/SDKs/AppleTVOS9.2.sdk/System/Library/Frameworks/AVKit.framework; sourceTree = DEVELOPER_DIR; };
		42EE5C381CA35D2E00204F31 /* AVKit.framework */ = {isa = PBXFileReference; lastKnownFileType = wrapper.framework; name = AVKit.framework; path = Platforms/iPhoneOS.platform/Developer/SDKs/iPhoneOS9.3.sdk/System/Library/Frameworks/AVKit.framework; sourceTree = DEVELOPER_DIR; };
		42EFF7851CAADB330056B9F3 /* SurgeRtspPlayer.h */ = {isa = PBXFileReference; fileEncoding = 4; lastKnownFileType = sourcecode.c.h; path = SurgeRtspPlayer.h; sourceTree = "<group>"; };
		42EFF7861CAADB330056B9F3 /* SurgeRtspPlayer.mm */ = {isa = PBXFileReference; fileEncoding = 4; indentWidth = 4; lastKnownFileType = sourcecode.cpp.objcpp; path = SurgeRtspPlayer.mm; sourceTree = "<group>"; tabWidth = 4; };
		42EFF88C1CAD40410056B9F3 /* SurgeLogging.h */ = {isa = PBXFileReference; fileEncoding = 4; lastKnownFileType = sourcecode.c.h; path = SurgeLogging.h; sourceTree = "<group>"; };
		F4588B381D93D8110071CE3D /* SurgeRtspPlayer_Private.h */ = {isa = PBXFileReference; lastKnownFileType = sourcecode.c.h; path = SurgeRtspPlayer_Private.h; sourceTree = "<group>"; };
		F45A89D020F50833003C4D81 /* libcrypto.a */ = {isa = PBXFileReference; lastKnownFileType = archive.ar; name = libcrypto.a; path = "../../core/lib/openssl-mobile/lib/mac/libcrypto.a"; sourceTree = "<group>"; };
		F45A89D120F50833003C4D81 /* libssl.a */ = {isa = PBXFileReference; lastKnownFileType = archive.ar; name = libssl.a; path = "../../core/lib/openssl-mobile/lib/mac/libssl.a"; sourceTree = "<group>"; };
		F4905BE3210F15C300903D27 /* Authenticator.h */ = {isa = PBXFileReference; lastKnownFileType = sourcecode.c.h; path = Authenticator.h; sourceTree = "<group>"; };
		F4905BE4210F17B000903D27 /* AuthenticatorMapper.h */ = {isa = PBXFileReference; lastKnownFileType = sourcecode.c.h; path = AuthenticatorMapper.h; sourceTree = "<group>"; };
		F4905BE5210F17B000903D27 /* AuthenticatorMapper.mm */ = {isa = PBXFileReference; lastKnownFileType = sourcecode.cpp.objcpp; path = AuthenticatorMapper.mm; sourceTree = "<group>"; };
		F497B42D20E120A10067D92A /* libssl.a */ = {isa = PBXFileReference; explicitFileType = archive.ar; name = libssl.a; path = "../../core/lib/openssl-mobile/lib/ios/libssl.a"; sourceTree = "<group>"; };
		F497B42E20E120A20067D92A /* libcrypto.a */ = {isa = PBXFileReference; explicitFileType = archive.ar; name = libcrypto.a; path = "../../core/lib/openssl-mobile/lib/ios/libcrypto.a"; sourceTree = "<group>"; };
		F4B2A00E1D4B87C100979ABB /* NSDate+SurgeExtensions.h */ = {isa = PBXFileReference; fileEncoding = 4; lastKnownFileType = sourcecode.c.h; path = "NSDate+SurgeExtensions.h"; sourceTree = "<group>"; };
		F4B2A00F1D4B87C100979ABB /* NSDate+SurgeExtensions.mm */ = {isa = PBXFileReference; fileEncoding = 4; lastKnownFileType = sourcecode.cpp.objcpp; path = "NSDate+SurgeExtensions.mm"; sourceTree = "<group>"; };
/* End PBXFileReference section */

/* Begin PBXFrameworksBuildPhase section */
		4241D4E01CBB01150087BAAF /* Frameworks */ = {
			isa = PBXFrameworksBuildPhase;
			buildActionMask = 2147483647;
			files = (
				F45A89D220F50833003C4D81 /* libcrypto.a in Frameworks */,
				F45A89D320F50833003C4D81 /* libssl.a in Frameworks */,
				42D672581D306A2E00D42C35 /* libSurgeCore.a in Frameworks */,
				4241D51E1CBB07F80087BAAF /* AppKit.framework in Frameworks */,
				422E8E4C1CBB1FA00092FFB3 /* CoreVideo.framework in Frameworks */,
				422E8E4E1CBB1FA50092FFB3 /* VideoToolbox.framework in Frameworks */,
			);
			runOnlyForDeploymentPostprocessing = 0;
		};
		42EE5C0E1CA35C4D00204F31 /* Frameworks */ = {
			isa = PBXFrameworksBuildPhase;
			buildActionMask = 2147483647;
			files = (
				42D672541D306A1A00D42C35 /* libSurgeCore.a in Frameworks */,
				F497B42F20E120A20067D92A /* libssl.a in Frameworks */,
				F497B43020E120A20067D92A /* libcrypto.a in Frameworks */,
				422E8E481CBB1F840092FFB3 /* CoreVideo.framework in Frameworks */,
				426A40E41CB1A3F200A4712B /* UIKit.framework in Frameworks */,
				422E8E461CBB1F500092FFB3 /* VideoToolbox.framework in Frameworks */,
			);
			runOnlyForDeploymentPostprocessing = 0;
		};
		42EE5C281CA35C8100204F31 /* Frameworks */ = {
			isa = PBXFrameworksBuildPhase;
			buildActionMask = 2147483647;
			files = (
				42D672561D306A2600D42C35 /* libSurgeCore.a in Frameworks */,
				422E8E4A1CBB1F910092FFB3 /* CoreVideo.framework in Frameworks */,
				423B75B61CBAC0D4009204D5 /* UIKit.framework in Frameworks */,
			);
			runOnlyForDeploymentPostprocessing = 0;
		};
/* End PBXFrameworksBuildPhase section */

/* Begin PBXGroup section */
		4241D4E51CBB01160087BAAF /* SurgeMacOS */ = {
			isa = PBXGroup;
			children = (
				4241D4E61CBB01160087BAAF /* SurgeMacOS.h */,
				4241D4E81CBB01160087BAAF /* Info.plist */,
			);
			path = SurgeMacOS;
			sourceTree = "<group>";
		};
		42AD01651CE6225000EA072F /* Utilities */ = {
			isa = PBXGroup;
			children = (
				42AD01661CE6267E00EA072F /* BitstreamReader.h */,
				42AD01671CE6267E00EA072F /* BitstreamReader.m */,
				42AD01761CE6317800EA072F /* BitstreamWriter.h */,
				42AD01771CE6317800EA072F /* BitstreamWriter.m */,
			);
			path = Utilities;
			sourceTree = "<group>";
		};
		42DCC2E01CC2D68A00497306 /* Decoders */ = {
			isa = PBXGroup;
			children = (
				42DCC2E11CC2D68A00497306 /* H264 */,
				42DCC2E91CC2D68A00497306 /* MJPEG */,
				42DCC2EA1CC2D68A00497306 /* MP4V-ES */,
				42AD01651CE6225000EA072F /* Utilities */,
				42DCC2ED1CC2D68A00497306 /* SurgeDecoder.h */,
				42DCC2EE1CC2D68A00497306 /* SurgeDecoder.m */,
			);
			path = Decoders;
			sourceTree = "<group>";
		};
		42DCC2E11CC2D68A00497306 /* H264 */ = {
			isa = PBXGroup;
			children = (
				42DCC2E21CC2D68A00497306 /* SurgeNalUnitParser.h */,
				42DCC2E31CC2D68A00497306 /* SurgeNalUnitParser.m */,
				42DCC2E41CC2D68A00497306 /* SurgeNalUnit.h */,
				42DCC2E51CC2D68A00497306 /* SurgeNalUnit.m */,
				42DCC2E71CC2D68A00497306 /* SurgeH264Decoder.h */,
				42DCC2E81CC2D68A00497306 /* SurgeH264Decoder.m */,
			);
			path = H264;
			sourceTree = "<group>";
		};
		42DCC2E91CC2D68A00497306 /* MJPEG */ = {
			isa = PBXGroup;
			children = (
				42DCC3111CC31B1100497306 /* SurgeMjpegDecoder.h */,
				42DCC3121CC31B1100497306 /* SurgeMjpegDecoder.m */,
			);
			path = MJPEG;
			sourceTree = "<group>";
		};
		42DCC2EA1CC2D68A00497306 /* MP4V-ES */ = {
			isa = PBXGroup;
			children = (
				42DCC2EB1CC2D68A00497306 /* SurgeMp4vDecoder.h */,
				42DCC2EC1CC2D68A00497306 /* SurgeMp4vDecoder.m */,
			);
			path = "MP4V-ES";
			sourceTree = "<group>";
		};
		42EE5C131CA35C4D00204F31 /* SurgeiOS */ = {
			isa = PBXGroup;
			children = (
				42EE5C141CA35C4D00204F31 /* SurgeiOS.h */,
				42EE5C161CA35C4D00204F31 /* Info.plist */,
			);
			path = SurgeiOS;
			sourceTree = "<group>";
		};
		42EE5C2D1CA35C8100204F31 /* SurgeTvOS */ = {
			isa = PBXGroup;
			children = (
				42EE5C2E1CA35C8100204F31 /* SurgeTvOS.h */,
				42EE5C301CA35C8100204F31 /* Info.plist */,
			);
			path = SurgeTvOS;
			sourceTree = "<group>";
		};
		42F5777D1CA34FA100112E27 = {
			isa = PBXGroup;
			children = (
				42F577921CA3526800112E27 /* Shared */,
				42EE5C131CA35C4D00204F31 /* SurgeiOS */,
				4241D4E51CBB01160087BAAF /* SurgeMacOS */,
				42EE5C2D1CA35C8100204F31 /* SurgeTvOS */,
				42F577B01CA3575800112E27 /* Frameworks */,
				42F5778A1CA3513700112E27 /* Products */,
			);
			sourceTree = "<group>";
		};
		42F5778A1CA3513700112E27 /* Products */ = {
			isa = PBXGroup;
			children = (
				42EE5C121CA35C4D00204F31 /* SurgeiOS.framework */,
				42EE5C2C1CA35C8100204F31 /* SurgeTvOS.framework */,
				4241D4E41CBB01150087BAAF /* SurgeMacOS.framework */,
			);
			name = Products;
			sourceTree = "<group>";
		};
		42F577921CA3526800112E27 /* Shared */ = {
			isa = PBXGroup;
			children = (
				F47D1E6F210B6F9C00302481 /* Authentication */,
				F4B2A00D1D4B879D00979ABB /* Utilities */,
				42DCC2E01CC2D68A00497306 /* Decoders */,
				42EFF88C1CAD40410056B9F3 /* SurgeLogging.h */,
				42EFF7851CAADB330056B9F3 /* SurgeRtspPlayer.h */,
				42EFF7861CAADB330056B9F3 /* SurgeRtspPlayer.mm */,
				F4588B381D93D8110071CE3D /* SurgeRtspPlayer_Private.h */,
			);
			path = Shared;
			sourceTree = "<group>";
		};
		42F577B01CA3575800112E27 /* Frameworks */ = {
			isa = PBXGroup;
			children = (
				F497B42E20E120A20067D92A /* libcrypto.a */,
				F497B42D20E120A10067D92A /* libssl.a */,
				F45A89D020F50833003C4D81 /* libcrypto.a */,
				F45A89D120F50833003C4D81 /* libssl.a */,
				42D672571D306A2E00D42C35 /* libSurgeCore.a */,
				42D672551D306A2600D42C35 /* libSurgeCore.a */,
				42D672531D306A1A00D42C35 /* libSurgeCore.a */,
				422E8E4D1CBB1FA50092FFB3 /* VideoToolbox.framework */,
				422E8E4B1CBB1FA00092FFB3 /* CoreVideo.framework */,
				422E8E491CBB1F910092FFB3 /* CoreVideo.framework */,
				422E8E471CBB1F840092FFB3 /* CoreVideo.framework */,
				422E8E451CBB1F500092FFB3 /* VideoToolbox.framework */,
				4241D51F1CBB08050087BAAF /* AVKit.framework */,
				4241D51D1CBB07F80087BAAF /* AppKit.framework */,
				4241D51B1CBB07F10087BAAF /* libsurge.a */,
				4241D4D61CBAE7C50087BAAF /* libsurge.a */,
				4241D4D41CBAE7C10087BAAF /* libsurge.a */,
				423B75B51CBAC0D4009204D5 /* UIKit.framework */,
				426A40E31CB1A3F200A4712B /* UIKit.framework */,
				426A40E11CB0CF1D00A4712B /* MobileCoreServices.framework */,
				42EE5C381CA35D2E00204F31 /* AVKit.framework */,
				42EE5C361CA35D1C00204F31 /* AVKit.framework */,
			);
			name = Frameworks;
			sourceTree = "<group>";
		};
		F47D1E6F210B6F9C00302481 /* Authentication */ = {
			isa = PBXGroup;
			children = (
				F4905BE3210F15C300903D27 /* Authenticator.h */,
				F4905BE4210F17B000903D27 /* AuthenticatorMapper.h */,
				F4905BE5210F17B000903D27 /* AuthenticatorMapper.mm */,
			);
			path = Authentication;
			sourceTree = "<group>";
		};
		F4B2A00D1D4B879D00979ABB /* Utilities */ = {
			isa = PBXGroup;
			children = (
				F4B2A00E1D4B87C100979ABB /* NSDate+SurgeExtensions.h */,
				F4B2A00F1D4B87C100979ABB /* NSDate+SurgeExtensions.mm */,
			);
			name = Utilities;
			sourceTree = "<group>";
		};
/* End PBXGroup section */

/* Begin PBXHeadersBuildPhase section */
		4241D4E11CBB01150087BAAF /* Headers */ = {
			isa = PBXHeadersBuildPhase;
			buildActionMask = 2147483647;
			files = (
				4241D51A1CBB04AC0087BAAF /* SurgeRtspPlayer.h in Headers */,
				F41D9E4F1D940B96005D2B0A /* SurgeRtspPlayer_Private.h in Headers */,
				42AD016C1CE6267E00EA072F /* BitstreamReader.h in Headers */,
				4241D4E71CBB01160087BAAF /* SurgeMacOS.h in Headers */,
				42DCC3061CC2D68A00497306 /* SurgeMp4vDecoder.h in Headers */,
				4241D4ED1CBB014C0087BAAF /* SurgeLogging.h in Headers */,
				42AD017A1CE6317800EA072F /* BitstreamWriter.h in Headers */,
				42DCC3001CC2D68A00497306 /* SurgeH264Decoder.h in Headers */,
				42DCC3151CC31B1100497306 /* SurgeMjpegDecoder.h in Headers */,
				F48C83D7210F44B900A632BF /* AuthenticatorMapper.h in Headers */,
				42DCC2F71CC2D68A00497306 /* SurgeNalUnit.h in Headers */,
				42DCC30C1CC2D68A00497306 /* SurgeDecoder.h in Headers */,
				42DCC2F11CC2D68A00497306 /* SurgeNalUnitParser.h in Headers */,
				F48C83D5210F44B300A632BF /* Authenticator.h in Headers */,
				F4B2A0121D4B87C100979ABB /* NSDate+SurgeExtensions.h in Headers */,
			);
			runOnlyForDeploymentPostprocessing = 0;
		};
		42EE5C0F1CA35C4D00204F31 /* Headers */ = {
			isa = PBXHeadersBuildPhase;
			buildActionMask = 2147483647;
			files = (
				F48C83D3210F44B100A632BF /* Authenticator.h in Headers */,
				42EFF7871CAADB330056B9F3 /* SurgeRtspPlayer.h in Headers */,
				F41D9E4D1D940B95005D2B0A /* SurgeRtspPlayer_Private.h in Headers */,
				42AD016A1CE6267E00EA072F /* BitstreamReader.h in Headers */,
				42EFF88E1CAD40410056B9F3 /* SurgeLogging.h in Headers */,
				42DCC3041CC2D68A00497306 /* SurgeMp4vDecoder.h in Headers */,
				42EE5C151CA35C4D00204F31 /* SurgeiOS.h in Headers */,
				42AD01781CE6317800EA072F /* BitstreamWriter.h in Headers */,
				42DCC2FE1CC2D68A00497306 /* SurgeH264Decoder.h in Headers */,
				42DCC3131CC31B1100497306 /* SurgeMjpegDecoder.h in Headers */,
				42DCC2F51CC2D68A00497306 /* SurgeNalUnit.h in Headers */,
				42DCC30A1CC2D68A00497306 /* SurgeDecoder.h in Headers */,
				F4905BE6210F17B000903D27 /* AuthenticatorMapper.h in Headers */,
				42DCC2EF1CC2D68A00497306 /* SurgeNalUnitParser.h in Headers */,
				F4B2A0101D4B87C100979ABB /* NSDate+SurgeExtensions.h in Headers */,
			);
			runOnlyForDeploymentPostprocessing = 0;
		};
		42EE5C291CA35C8100204F31 /* Headers */ = {
			isa = PBXHeadersBuildPhase;
			buildActionMask = 2147483647;
			files = (
				42EFF7881CAADB330056B9F3 /* SurgeRtspPlayer.h in Headers */,
				F41D9E4E1D940B96005D2B0A /* SurgeRtspPlayer_Private.h in Headers */,
				42AD016B1CE6267E00EA072F /* BitstreamReader.h in Headers */,
				42EFF8901CAD40410056B9F3 /* SurgeLogging.h in Headers */,
				42DCC3051CC2D68A00497306 /* SurgeMp4vDecoder.h in Headers */,
				42EE5C2F1CA35C8100204F31 /* SurgeTvOS.h in Headers */,
				42AD01791CE6317800EA072F /* BitstreamWriter.h in Headers */,
				42DCC2FF1CC2D68A00497306 /* SurgeH264Decoder.h in Headers */,
				42DCC3141CC31B1100497306 /* SurgeMjpegDecoder.h in Headers */,
				F48C83D6210F44B800A632BF /* AuthenticatorMapper.h in Headers */,
				42DCC2F61CC2D68A00497306 /* SurgeNalUnit.h in Headers */,
				42DCC30B1CC2D68A00497306 /* SurgeDecoder.h in Headers */,
				42DCC2F01CC2D68A00497306 /* SurgeNalUnitParser.h in Headers */,
				F48C83D4210F44B200A632BF /* Authenticator.h in Headers */,
				F4B2A0111D4B87C100979ABB /* NSDate+SurgeExtensions.h in Headers */,
			);
			runOnlyForDeploymentPostprocessing = 0;
		};
/* End PBXHeadersBuildPhase section */

/* Begin PBXNativeTarget section */
		4241D4E31CBB01150087BAAF /* SurgeMacOS */ = {
			isa = PBXNativeTarget;
			buildConfigurationList = 4241D4E91CBB01160087BAAF /* Build configuration list for PBXNativeTarget "SurgeMacOS" */;
			buildPhases = (
				4241D4DF1CBB01150087BAAF /* Sources */,
				4241D4E01CBB01150087BAAF /* Frameworks */,
				4241D4E11CBB01150087BAAF /* Headers */,
				4241D4E21CBB01150087BAAF /* Resources */,
			);
			buildRules = (
			);
			dependencies = (
			);
			name = SurgeMacOS;
			productName = SurgeMacOS;
			productReference = 4241D4E41CBB01150087BAAF /* SurgeMacOS.framework */;
			productType = "com.apple.product-type.framework";
		};
		42EE5C111CA35C4D00204F31 /* SurgeiOS */ = {
			isa = PBXNativeTarget;
			buildConfigurationList = 42EE5C171CA35C4D00204F31 /* Build configuration list for PBXNativeTarget "SurgeiOS" */;
			buildPhases = (
				42EE5C0D1CA35C4D00204F31 /* Sources */,
				42EE5C0E1CA35C4D00204F31 /* Frameworks */,
				42EE5C0F1CA35C4D00204F31 /* Headers */,
				42EE5C101CA35C4D00204F31 /* Resources */,
			);
			buildRules = (
			);
			dependencies = (
			);
			name = SurgeiOS;
			productName = SurgeiOS;
			productReference = 42EE5C121CA35C4D00204F31 /* SurgeiOS.framework */;
			productType = "com.apple.product-type.framework";
		};
		42EE5C2B1CA35C8100204F31 /* SurgeTvOS */ = {
			isa = PBXNativeTarget;
			buildConfigurationList = 42EE5C311CA35C8100204F31 /* Build configuration list for PBXNativeTarget "SurgeTvOS" */;
			buildPhases = (
				42EE5C271CA35C8100204F31 /* Sources */,
				42EE5C281CA35C8100204F31 /* Frameworks */,
				42EE5C291CA35C8100204F31 /* Headers */,
				42EE5C2A1CA35C8100204F31 /* Resources */,
			);
			buildRules = (
			);
			dependencies = (
			);
			name = SurgeTvOS;
			productName = SurgeTvOS;
			productReference = 42EE5C2C1CA35C8100204F31 /* SurgeTvOS.framework */;
			productType = "com.apple.product-type.framework";
		};
/* End PBXNativeTarget section */

/* Begin PBXProject section */
		42F5777E1CA34FA100112E27 /* Project object */ = {
			isa = PBXProject;
			attributes = {
				LastUpgradeCheck = 0900;
				TargetAttributes = {
					4241D4E31CBB01150087BAAF = {
						CreatedOnToolsVersion = 7.3;
						ProvisioningStyle = Manual;
					};
					42EE5C111CA35C4D00204F31 = {
						CreatedOnToolsVersion = 7.3;
						DevelopmentTeam = M6W9FG2WLN;
						ProvisioningStyle = Manual;
					};
					42EE5C2B1CA35C8100204F31 = {
						CreatedOnToolsVersion = 7.3;
					};
				};
			};
			buildConfigurationList = 42F577811CA34FA100112E27 /* Build configuration list for PBXProject "SurgeFrameworks" */;
			compatibilityVersion = "Xcode 3.2";
			developmentRegion = English;
			hasScannedForEncodings = 0;
			knownRegions = (
				en,
			);
			mainGroup = 42F5777D1CA34FA100112E27;
			productRefGroup = 42F5778A1CA3513700112E27 /* Products */;
			projectDirPath = "";
			projectRoot = "";
			targets = (
				42EE5C111CA35C4D00204F31 /* SurgeiOS */,
				42EE5C2B1CA35C8100204F31 /* SurgeTvOS */,
				4241D4E31CBB01150087BAAF /* SurgeMacOS */,
			);
		};
/* End PBXProject section */

/* Begin PBXResourcesBuildPhase section */
		4241D4E21CBB01150087BAAF /* Resources */ = {
			isa = PBXResourcesBuildPhase;
			buildActionMask = 2147483647;
			files = (
			);
			runOnlyForDeploymentPostprocessing = 0;
		};
		42EE5C101CA35C4D00204F31 /* Resources */ = {
			isa = PBXResourcesBuildPhase;
			buildActionMask = 2147483647;
			files = (
			);
			runOnlyForDeploymentPostprocessing = 0;
		};
		42EE5C2A1CA35C8100204F31 /* Resources */ = {
			isa = PBXResourcesBuildPhase;
			buildActionMask = 2147483647;
			files = (
			);
			runOnlyForDeploymentPostprocessing = 0;
		};
/* End PBXResourcesBuildPhase section */

/* Begin PBXSourcesBuildPhase section */
		4241D4DF1CBB01150087BAAF /* Sources */ = {
			isa = PBXSourcesBuildPhase;
			buildActionMask = 2147483647;
			files = (
				42DCC2F41CC2D68A00497306 /* SurgeNalUnitParser.m in Sources */,
				42DCC3031CC2D68A00497306 /* SurgeH264Decoder.m in Sources */,
				42AD016F1CE6267E00EA072F /* BitstreamReader.m in Sources */,
				42DCC2FA1CC2D68A00497306 /* SurgeNalUnit.m in Sources */,
				F4905BE8210F17B400903D27 /* AuthenticatorMapper.mm in Sources */,
				42DCC3091CC2D68A00497306 /* SurgeMp4vDecoder.m in Sources */,
				42DCC3181CC31B1100497306 /* SurgeMjpegDecoder.m in Sources */,
				4241D4F71CBB01800087BAAF /* SurgeRtspPlayer.mm in Sources */,
				42AD017D1CE6317800EA072F /* BitstreamWriter.m in Sources */,
				42DCC30F1CC2D68A00497306 /* SurgeDecoder.m in Sources */,
			);
			runOnlyForDeploymentPostprocessing = 0;
		};
		42EE5C0D1CA35C4D00204F31 /* Sources */ = {
			isa = PBXSourcesBuildPhase;
			buildActionMask = 2147483647;
			files = (
				42DCC2F21CC2D68A00497306 /* SurgeNalUnitParser.m in Sources */,
				42DCC3011CC2D68A00497306 /* SurgeH264Decoder.m in Sources */,
				F4905BE7210F17B000903D27 /* AuthenticatorMapper.mm in Sources */,
				42AD016D1CE6267E00EA072F /* BitstreamReader.m in Sources */,
				42DCC2F81CC2D68A00497306 /* SurgeNalUnit.m in Sources */,
				42EFF7891CAADB330056B9F3 /* SurgeRtspPlayer.mm in Sources */,
				F4B2A0131D4B87C100979ABB /* NSDate+SurgeExtensions.mm in Sources */,
				42DCC3161CC31B1100497306 /* SurgeMjpegDecoder.m in Sources */,
				42DCC3101CC30C5300497306 /* SurgeMp4vDecoder.m in Sources */,
				42AD017B1CE6317800EA072F /* BitstreamWriter.m in Sources */,
				42DCC30D1CC2D68A00497306 /* SurgeDecoder.m in Sources */,
			);
			runOnlyForDeploymentPostprocessing = 0;
		};
		42EE5C271CA35C8100204F31 /* Sources */ = {
			isa = PBXSourcesBuildPhase;
			buildActionMask = 2147483647;
			files = (
				42DCC2F31CC2D68A00497306 /* SurgeNalUnitParser.m in Sources */,
				42DCC3021CC2D68A00497306 /* SurgeH264Decoder.m in Sources */,
				F4905BE9210F17B400903D27 /* AuthenticatorMapper.mm in Sources */,
				42AD016E1CE6267E00EA072F /* BitstreamReader.m in Sources */,
				42DCC2F91CC2D68A00497306 /* SurgeNalUnit.m in Sources */,
				42DCC3081CC2D68A00497306 /* SurgeMp4vDecoder.m in Sources */,
				F4B2A0141D4B87C100979ABB /* NSDate+SurgeExtensions.mm in Sources */,
				42DCC3171CC31B1100497306 /* SurgeMjpegDecoder.m in Sources */,
				425630EF1CBAA31700E347C0 /* SurgeRtspPlayer.mm in Sources */,
				42AD017C1CE6317800EA072F /* BitstreamWriter.m in Sources */,
				42DCC30E1CC2D68A00497306 /* SurgeDecoder.m in Sources */,
			);
			runOnlyForDeploymentPostprocessing = 0;
		};
/* End PBXSourcesBuildPhase section */

/* Begin XCBuildConfiguration section */
		4241D4EA1CBB01160087BAAF /* Debug */ = {
			isa = XCBuildConfiguration;
			buildSettings = {
				ALWAYS_SEARCH_USER_PATHS = NO;
				CLANG_ANALYZER_NONNULL = YES;
				CLANG_CXX_LANGUAGE_STANDARD = "gnu++14";
				CLANG_CXX_LIBRARY = "libc++";
				CLANG_ENABLE_MODULES = YES;
				CLANG_ENABLE_OBJC_ARC = YES;
				CLANG_WARN_BOOL_CONVERSION = YES;
				CLANG_WARN_CONSTANT_CONVERSION = YES;
				CLANG_WARN_DIRECT_OBJC_ISA_USAGE = YES_ERROR;
				CLANG_WARN_EMPTY_BODY = YES;
				CLANG_WARN_ENUM_CONVERSION = YES;
				CLANG_WARN_INT_CONVERSION = YES;
				CLANG_WARN_OBJC_ROOT_CLASS = YES_ERROR;
				CLANG_WARN_UNREACHABLE_CODE = YES;
				CLANG_WARN__DUPLICATE_METHOD_MATCH = YES;
				CODE_SIGN_IDENTITY = "";
				"CODE_SIGN_IDENTITY[sdk=*]" = "";
				CODE_SIGN_STYLE = Manual;
				COMBINE_HIDPI_IMAGES = YES;
				COPY_PHASE_STRIP = NO;
				CURRENT_PROJECT_VERSION = 1;
				DEBUG_INFORMATION_FORMAT = dwarf;
				DEFINES_MODULE = YES;
				DEVELOPMENT_TEAM = "";
				DYLIB_COMPATIBILITY_VERSION = 1;
				DYLIB_CURRENT_VERSION = 1;
				DYLIB_INSTALL_NAME_BASE = "@rpath";
				ENABLE_STRICT_OBJC_MSGSEND = YES;
				ENABLE_TESTABILITY = YES;
				FRAMEWORK_VERSION = A;
				GCC_C_LANGUAGE_STANDARD = gnu99;
				GCC_DYNAMIC_NO_PIC = NO;
				GCC_NO_COMMON_BLOCKS = YES;
				GCC_OPTIMIZATION_LEVEL = 0;
				GCC_PREPROCESSOR_DEFINITIONS = (
					"DEBUG=1",
					"$(inherited)",
					"__ASSERT_MACROS_DEFINE_VERSIONS_WITHOUT_UNDERSCORES=0",
				);
				GCC_WARN_64_TO_32_BIT_CONVERSION = YES;
				GCC_WARN_ABOUT_RETURN_TYPE = YES_ERROR;
				GCC_WARN_UNDECLARED_SELECTOR = YES;
				GCC_WARN_UNINITIALIZED_AUTOS = YES_AGGRESSIVE;
				GCC_WARN_UNUSED_FUNCTION = YES;
				GCC_WARN_UNUSED_VARIABLE = YES;
				HEADER_SEARCH_PATHS = "$(inherited)";
				INFOPLIST_FILE = SurgeMacOS/Info.plist;
				INSTALL_PATH = "$(LOCAL_LIBRARY_DIR)/Frameworks";
				LD_RUNPATH_SEARCH_PATHS = "$(inherited) @executable_path/../Frameworks @loader_path/Frameworks";
				LIBRARY_SEARCH_PATHS = (
					"$(inherited)",
					"$(PROJECT_DIR)/../../core/lib/openssl-mobile/lib/ios",
				);
				MACOSX_DEPLOYMENT_TARGET = 10.11;
				MTL_ENABLE_DEBUG_INFO = YES;
				PRODUCT_BUNDLE_IDENTIFIER = co.instil.SurgeMacOS;
				PRODUCT_NAME = "$(TARGET_NAME)";
				PROVISIONING_PROFILE_SPECIFIER = "";
				SDKROOT = macosx;
				SKIP_INSTALL = YES;
				VERSIONING_SYSTEM = "apple-generic";
				VERSION_INFO_PREFIX = "";
			};
			name = Debug;
		};
		4241D4EB1CBB01160087BAAF /* Release */ = {
			isa = XCBuildConfiguration;
			buildSettings = {
				ALWAYS_SEARCH_USER_PATHS = NO;
				CLANG_ANALYZER_NONNULL = YES;
				CLANG_CXX_LANGUAGE_STANDARD = "gnu++14";
				CLANG_CXX_LIBRARY = "libc++";
				CLANG_ENABLE_MODULES = YES;
				CLANG_ENABLE_OBJC_ARC = YES;
				CLANG_WARN_BOOL_CONVERSION = YES;
				CLANG_WARN_CONSTANT_CONVERSION = YES;
				CLANG_WARN_DIRECT_OBJC_ISA_USAGE = YES_ERROR;
				CLANG_WARN_EMPTY_BODY = YES;
				CLANG_WARN_ENUM_CONVERSION = YES;
				CLANG_WARN_INT_CONVERSION = YES;
				CLANG_WARN_OBJC_ROOT_CLASS = YES_ERROR;
				CLANG_WARN_UNREACHABLE_CODE = YES;
				CLANG_WARN__DUPLICATE_METHOD_MATCH = YES;
				CODE_SIGN_IDENTITY = "";
				"CODE_SIGN_IDENTITY[sdk=*]" = "";
				CODE_SIGN_STYLE = Manual;
				COMBINE_HIDPI_IMAGES = YES;
				COPY_PHASE_STRIP = NO;
				CURRENT_PROJECT_VERSION = 1;
				DEBUG_INFORMATION_FORMAT = "dwarf-with-dsym";
				DEFINES_MODULE = YES;
				DEVELOPMENT_TEAM = "";
				DYLIB_COMPATIBILITY_VERSION = 1;
				DYLIB_CURRENT_VERSION = 1;
				DYLIB_INSTALL_NAME_BASE = "@rpath";
				ENABLE_NS_ASSERTIONS = NO;
				ENABLE_STRICT_OBJC_MSGSEND = YES;
				FRAMEWORK_VERSION = A;
				GCC_C_LANGUAGE_STANDARD = gnu99;
				GCC_NO_COMMON_BLOCKS = YES;
				GCC_PREPROCESSOR_DEFINITIONS = (
					"$(inherited)",
					"__ASSERT_MACROS_DEFINE_VERSIONS_WITHOUT_UNDERSCORES=0",
				);
				GCC_WARN_64_TO_32_BIT_CONVERSION = YES;
				GCC_WARN_ABOUT_RETURN_TYPE = YES_ERROR;
				GCC_WARN_UNDECLARED_SELECTOR = YES;
				GCC_WARN_UNINITIALIZED_AUTOS = YES_AGGRESSIVE;
				GCC_WARN_UNUSED_FUNCTION = YES;
				GCC_WARN_UNUSED_VARIABLE = YES;
				HEADER_SEARCH_PATHS = "$(inherited)";
				INFOPLIST_FILE = SurgeMacOS/Info.plist;
				INSTALL_PATH = "$(LOCAL_LIBRARY_DIR)/Frameworks";
				LD_RUNPATH_SEARCH_PATHS = "$(inherited) @executable_path/../Frameworks @loader_path/Frameworks";
				LIBRARY_SEARCH_PATHS = (
					"$(inherited)",
					"$(PROJECT_DIR)/../../core/lib/openssl-mobile/lib/ios",
				);
				MACOSX_DEPLOYMENT_TARGET = 10.11;
				MTL_ENABLE_DEBUG_INFO = NO;
				PRODUCT_BUNDLE_IDENTIFIER = co.instil.SurgeMacOS;
				PRODUCT_NAME = "$(TARGET_NAME)";
				PROVISIONING_PROFILE_SPECIFIER = "";
				SDKROOT = macosx;
				SKIP_INSTALL = YES;
				VERSIONING_SYSTEM = "apple-generic";
				VERSION_INFO_PREFIX = "";
			};
			name = Release;
		};
		42EE5C181CA35C4D00204F31 /* Debug */ = {
			isa = XCBuildConfiguration;
			buildSettings = {
				ALWAYS_SEARCH_USER_PATHS = NO;
				CLANG_ANALYZER_NONNULL = YES;
				CLANG_CXX_LANGUAGE_STANDARD = "gnu++14";
				CLANG_CXX_LIBRARY = "libc++";
				CLANG_ENABLE_MODULES = YES;
				CLANG_ENABLE_OBJC_ARC = YES;
				CLANG_WARN_BOOL_CONVERSION = YES;
				CLANG_WARN_CONSTANT_CONVERSION = YES;
				CLANG_WARN_DIRECT_OBJC_ISA_USAGE = YES_ERROR;
				CLANG_WARN_EMPTY_BODY = YES;
				CLANG_WARN_ENUM_CONVERSION = YES;
				CLANG_WARN_INT_CONVERSION = YES;
				CLANG_WARN_OBJC_ROOT_CLASS = YES_ERROR;
				CLANG_WARN_UNREACHABLE_CODE = YES;
				CLANG_WARN__DUPLICATE_METHOD_MATCH = YES;
				CODE_SIGN_IDENTITY = "iPhone Developer";
				"CODE_SIGN_IDENTITY[sdk=iphoneos*]" = "iPhone Developer";
				CODE_SIGN_STYLE = Manual;
				COPY_PHASE_STRIP = NO;
				CURRENT_PROJECT_VERSION = 1;
				DEBUG_INFORMATION_FORMAT = dwarf;
				DEFINES_MODULE = YES;
				DEVELOPMENT_TEAM = M6W9FG2WLN;
				DYLIB_COMPATIBILITY_VERSION = 1;
				DYLIB_CURRENT_VERSION = 1;
				DYLIB_INSTALL_NAME_BASE = "@rpath";
				ENABLE_STRICT_OBJC_MSGSEND = YES;
				ENABLE_TESTABILITY = YES;
				GCC_C_LANGUAGE_STANDARD = gnu99;
				GCC_DYNAMIC_NO_PIC = NO;
				GCC_NO_COMMON_BLOCKS = YES;
				GCC_OPTIMIZATION_LEVEL = 0;
				GCC_PREPROCESSOR_DEFINITIONS = (
					"DEBUG=1",
					"$(inherited)",
				);
				GCC_WARN_64_TO_32_BIT_CONVERSION = YES;
				GCC_WARN_ABOUT_RETURN_TYPE = YES_ERROR;
				GCC_WARN_UNDECLARED_SELECTOR = YES;
				GCC_WARN_UNINITIALIZED_AUTOS = YES_AGGRESSIVE;
				GCC_WARN_UNUSED_FUNCTION = YES;
				GCC_WARN_UNUSED_VARIABLE = YES;
				HEADER_SEARCH_PATHS = "$(inherited)";
				INFOPLIST_FILE = SurgeiOS/Info.plist;
				INSTALL_PATH = "$(LOCAL_LIBRARY_DIR)/Frameworks";
				IPHONEOS_DEPLOYMENT_TARGET = 9.0;
				LD_RUNPATH_SEARCH_PATHS = "$(inherited) @executable_path/Frameworks @loader_path/Frameworks";
				LIBRARY_SEARCH_PATHS = (
					"$(inherited)",
					"$(PROJECT_DIR)/../../core/lib/openssl-mobile/lib/ios",
				);
				MODULE_NAME = "";
				MTL_ENABLE_DEBUG_INFO = YES;
				ONLY_ACTIVE_ARCH = YES;
				PRODUCT_BUNDLE_IDENTIFIER = co.instil.SurgeiOS;
				PRODUCT_NAME = "$(TARGET_NAME)";
				PROVISIONING_PROFILE_SPECIFIER = "";
				SDKROOT = iphoneos;
				SKIP_INSTALL = YES;
				TARGETED_DEVICE_FAMILY = "1,2";
				VERSIONING_SYSTEM = "apple-generic";
				VERSION_INFO_PREFIX = "";
			};
			name = Debug;
		};
		42EE5C191CA35C4D00204F31 /* Release */ = {
			isa = XCBuildConfiguration;
			buildSettings = {
				ALWAYS_SEARCH_USER_PATHS = NO;
				CLANG_ANALYZER_NONNULL = YES;
				CLANG_CXX_LANGUAGE_STANDARD = "gnu++14";
				CLANG_CXX_LIBRARY = "libc++";
				CLANG_ENABLE_MODULES = YES;
				CLANG_ENABLE_OBJC_ARC = YES;
				CLANG_WARN_BOOL_CONVERSION = YES;
				CLANG_WARN_CONSTANT_CONVERSION = YES;
				CLANG_WARN_DIRECT_OBJC_ISA_USAGE = YES_ERROR;
				CLANG_WARN_EMPTY_BODY = YES;
				CLANG_WARN_ENUM_CONVERSION = YES;
				CLANG_WARN_INT_CONVERSION = YES;
				CLANG_WARN_OBJC_ROOT_CLASS = YES_ERROR;
				CLANG_WARN_UNREACHABLE_CODE = YES;
				CLANG_WARN__DUPLICATE_METHOD_MATCH = YES;
				CODE_SIGN_IDENTITY = "iPhone Developer";
				"CODE_SIGN_IDENTITY[sdk=iphoneos*]" = "iPhone Developer";
				CODE_SIGN_STYLE = Manual;
				COPY_PHASE_STRIP = NO;
				CURRENT_PROJECT_VERSION = 1;
				DEBUG_INFORMATION_FORMAT = "dwarf-with-dsym";
				DEFINES_MODULE = YES;
				DEVELOPMENT_TEAM = M6W9FG2WLN;
				DYLIB_COMPATIBILITY_VERSION = 1;
				DYLIB_CURRENT_VERSION = 1;
				DYLIB_INSTALL_NAME_BASE = "@rpath";
				ENABLE_NS_ASSERTIONS = NO;
				ENABLE_STRICT_OBJC_MSGSEND = YES;
				GCC_C_LANGUAGE_STANDARD = gnu99;
				GCC_NO_COMMON_BLOCKS = YES;
				GCC_PREPROCESSOR_DEFINITIONS = "";
				GCC_WARN_64_TO_32_BIT_CONVERSION = YES;
				GCC_WARN_ABOUT_RETURN_TYPE = YES_ERROR;
				GCC_WARN_UNDECLARED_SELECTOR = YES;
				GCC_WARN_UNINITIALIZED_AUTOS = YES_AGGRESSIVE;
				GCC_WARN_UNUSED_FUNCTION = YES;
				GCC_WARN_UNUSED_VARIABLE = YES;
				HEADER_SEARCH_PATHS = "$(inherited)";
				INFOPLIST_FILE = SurgeiOS/Info.plist;
				INSTALL_PATH = "$(LOCAL_LIBRARY_DIR)/Frameworks";
				IPHONEOS_DEPLOYMENT_TARGET = 9.0;
				LD_RUNPATH_SEARCH_PATHS = "$(inherited) @executable_path/Frameworks @loader_path/Frameworks";
				LIBRARY_SEARCH_PATHS = (
					"$(inherited)",
					"$(PROJECT_DIR)/../../core/lib/openssl-mobile/lib/ios",
				);
				MODULE_NAME = "";
				MTL_ENABLE_DEBUG_INFO = NO;
				PRODUCT_BUNDLE_IDENTIFIER = co.instil.SurgeiOS;
				PRODUCT_NAME = "$(TARGET_NAME)";
				PROVISIONING_PROFILE_SPECIFIER = "";
				SDKROOT = iphoneos;
				SKIP_INSTALL = YES;
				TARGETED_DEVICE_FAMILY = "1,2";
				VALIDATE_PRODUCT = YES;
				VERSIONING_SYSTEM = "apple-generic";
				VERSION_INFO_PREFIX = "";
			};
			name = Release;
		};
		42EE5C321CA35C8100204F31 /* Debug */ = {
			isa = XCBuildConfiguration;
			buildSettings = {
				ALWAYS_SEARCH_USER_PATHS = NO;
				CLANG_ANALYZER_NONNULL = YES;
				CLANG_CXX_LANGUAGE_STANDARD = "gnu++0x";
				CLANG_CXX_LIBRARY = "libc++";
				CLANG_ENABLE_MODULES = YES;
				CLANG_ENABLE_OBJC_ARC = YES;
				CLANG_WARN_BOOL_CONVERSION = YES;
				CLANG_WARN_CONSTANT_CONVERSION = YES;
				CLANG_WARN_DIRECT_OBJC_ISA_USAGE = YES_ERROR;
				CLANG_WARN_EMPTY_BODY = YES;
				CLANG_WARN_ENUM_CONVERSION = YES;
				CLANG_WARN_INT_CONVERSION = YES;
				CLANG_WARN_OBJC_ROOT_CLASS = YES_ERROR;
				CLANG_WARN_UNREACHABLE_CODE = YES;
				CLANG_WARN__DUPLICATE_METHOD_MATCH = YES;
				CODE_SIGN_IDENTITY = "";
				"CODE_SIGN_IDENTITY[sdk=appletvos*]" = "";
				COPY_PHASE_STRIP = NO;
				CURRENT_PROJECT_VERSION = 1;
				DEBUG_INFORMATION_FORMAT = dwarf;
				DEFINES_MODULE = YES;
				DYLIB_COMPATIBILITY_VERSION = 1;
				DYLIB_CURRENT_VERSION = 1;
				DYLIB_INSTALL_NAME_BASE = "@rpath";
				ENABLE_STRICT_OBJC_MSGSEND = YES;
				ENABLE_TESTABILITY = YES;
				GCC_C_LANGUAGE_STANDARD = gnu99;
				GCC_DYNAMIC_NO_PIC = NO;
				GCC_NO_COMMON_BLOCKS = YES;
				GCC_OPTIMIZATION_LEVEL = 0;
				GCC_PREPROCESSOR_DEFINITIONS = (
					"DEBUG=1",
					"$(inherited)",
				);
				GCC_WARN_64_TO_32_BIT_CONVERSION = YES;
				GCC_WARN_ABOUT_RETURN_TYPE = YES_ERROR;
				GCC_WARN_UNDECLARED_SELECTOR = YES;
				GCC_WARN_UNINITIALIZED_AUTOS = YES_AGGRESSIVE;
				GCC_WARN_UNUSED_FUNCTION = YES;
				GCC_WARN_UNUSED_VARIABLE = YES;
				HEADER_SEARCH_PATHS = "$(inherited)";
				INFOPLIST_FILE = SurgeTvOS/Info.plist;
				INSTALL_PATH = "$(LOCAL_LIBRARY_DIR)/Frameworks";
				LD_RUNPATH_SEARCH_PATHS = "$(inherited) @executable_path/Frameworks @loader_path/Frameworks";
				LIBRARY_SEARCH_PATHS = (
					"$(inherited)",
					"$(PROJECT_DIR)/../../core/lib/openssl-mobile/lib/ios",
				);
				MTL_ENABLE_DEBUG_INFO = YES;
				ONLY_ACTIVE_ARCH = YES;
				PRODUCT_BUNDLE_IDENTIFIER = co.instil.SurgeTvOS;
				PRODUCT_NAME = "$(TARGET_NAME)";
				PROVISIONING_PROFILE_SPECIFIER = "";
				SDKROOT = appletvos;
				SKIP_INSTALL = YES;
				TARGETED_DEVICE_FAMILY = 3;
				TVOS_DEPLOYMENT_TARGET = 9.0;
				VERSIONING_SYSTEM = "apple-generic";
				VERSION_INFO_PREFIX = "";
			};
			name = Debug;
		};
		42EE5C331CA35C8100204F31 /* Release */ = {
			isa = XCBuildConfiguration;
			buildSettings = {
				ALWAYS_SEARCH_USER_PATHS = NO;
				CLANG_ANALYZER_NONNULL = YES;
				CLANG_CXX_LANGUAGE_STANDARD = "gnu++0x";
				CLANG_CXX_LIBRARY = "libc++";
				CLANG_ENABLE_MODULES = YES;
				CLANG_ENABLE_OBJC_ARC = YES;
				CLANG_WARN_BOOL_CONVERSION = YES;
				CLANG_WARN_CONSTANT_CONVERSION = YES;
				CLANG_WARN_DIRECT_OBJC_ISA_USAGE = YES_ERROR;
				CLANG_WARN_EMPTY_BODY = YES;
				CLANG_WARN_ENUM_CONVERSION = YES;
				CLANG_WARN_INT_CONVERSION = YES;
				CLANG_WARN_OBJC_ROOT_CLASS = YES_ERROR;
				CLANG_WARN_UNREACHABLE_CODE = YES;
				CLANG_WARN__DUPLICATE_METHOD_MATCH = YES;
				CODE_SIGN_IDENTITY = "";
				"CODE_SIGN_IDENTITY[sdk=appletvos*]" = "";
				COPY_PHASE_STRIP = NO;
				CURRENT_PROJECT_VERSION = 1;
				DEBUG_INFORMATION_FORMAT = "dwarf-with-dsym";
				DEFINES_MODULE = YES;
				DYLIB_COMPATIBILITY_VERSION = 1;
				DYLIB_CURRENT_VERSION = 1;
				DYLIB_INSTALL_NAME_BASE = "@rpath";
				ENABLE_NS_ASSERTIONS = NO;
				ENABLE_STRICT_OBJC_MSGSEND = YES;
				GCC_C_LANGUAGE_STANDARD = gnu99;
				GCC_NO_COMMON_BLOCKS = YES;
				GCC_WARN_64_TO_32_BIT_CONVERSION = YES;
				GCC_WARN_ABOUT_RETURN_TYPE = YES_ERROR;
				GCC_WARN_UNDECLARED_SELECTOR = YES;
				GCC_WARN_UNINITIALIZED_AUTOS = YES_AGGRESSIVE;
				GCC_WARN_UNUSED_FUNCTION = YES;
				GCC_WARN_UNUSED_VARIABLE = YES;
				HEADER_SEARCH_PATHS = "$(inherited)";
				INFOPLIST_FILE = SurgeTvOS/Info.plist;
				INSTALL_PATH = "$(LOCAL_LIBRARY_DIR)/Frameworks";
				LD_RUNPATH_SEARCH_PATHS = "$(inherited) @executable_path/Frameworks @loader_path/Frameworks";
				LIBRARY_SEARCH_PATHS = (
					"$(inherited)",
					"$(PROJECT_DIR)/../../core/lib/openssl-mobile/lib/ios",
				);
				MTL_ENABLE_DEBUG_INFO = NO;
				PRODUCT_BUNDLE_IDENTIFIER = co.instil.SurgeTvOS;
				PRODUCT_NAME = "$(TARGET_NAME)";
				PROVISIONING_PROFILE_SPECIFIER = "";
				SDKROOT = appletvos;
				SKIP_INSTALL = YES;
				TARGETED_DEVICE_FAMILY = 3;
				TVOS_DEPLOYMENT_TARGET = 9.0;
				VALIDATE_PRODUCT = YES;
				VERSIONING_SYSTEM = "apple-generic";
				VERSION_INFO_PREFIX = "";
			};
			name = Release;
		};
		42F577821CA34FA100112E27 /* Debug */ = {
			isa = XCBuildConfiguration;
			buildSettings = {
				CLANG_WARN_BLOCK_CAPTURE_AUTORELEASING = YES;
				CLANG_WARN_BOOL_CONVERSION = YES;
				CLANG_WARN_COMMA = YES;
				CLANG_WARN_CONSTANT_CONVERSION = YES;
				CLANG_WARN_EMPTY_BODY = YES;
				CLANG_WARN_ENUM_CONVERSION = YES;
				CLANG_WARN_INFINITE_RECURSION = YES;
				CLANG_WARN_INT_CONVERSION = YES;
				CLANG_WARN_NON_LITERAL_NULL_CONVERSION = YES;
				CLANG_WARN_OBJC_LITERAL_CONVERSION = YES;
				CLANG_WARN_RANGE_LOOP_ANALYSIS = YES;
				CLANG_WARN_STRICT_PROTOTYPES = YES;
				CLANG_WARN_SUSPICIOUS_MOVE = YES;
				CLANG_WARN_UNREACHABLE_CODE = YES;
				CLANG_WARN__DUPLICATE_METHOD_MATCH = YES;
				ENABLE_STRICT_OBJC_MSGSEND = YES;
				ENABLE_TESTABILITY = YES;
				GCC_NO_COMMON_BLOCKS = YES;
				GCC_WARN_64_TO_32_BIT_CONVERSION = YES;
				GCC_WARN_ABOUT_RETURN_TYPE = YES;
				GCC_WARN_UNDECLARED_SELECTOR = YES;
				GCC_WARN_UNINITIALIZED_AUTOS = YES;
				GCC_WARN_UNUSED_FUNCTION = YES;
				GCC_WARN_UNUSED_VARIABLE = YES;
				HEADER_SEARCH_PATHS = (
					"$(inherited)",
					"$(PROJECT_DIR)/../../core/src",
				);
				ONLY_ACTIVE_ARCH = YES;
			};
			name = Debug;
		};
		42F577831CA34FA100112E27 /* Release */ = {
			isa = XCBuildConfiguration;
			buildSettings = {
				CLANG_WARN_BLOCK_CAPTURE_AUTORELEASING = YES;
				CLANG_WARN_BOOL_CONVERSION = YES;
				CLANG_WARN_COMMA = YES;
				CLANG_WARN_CONSTANT_CONVERSION = YES;
				CLANG_WARN_EMPTY_BODY = YES;
				CLANG_WARN_ENUM_CONVERSION = YES;
				CLANG_WARN_INFINITE_RECURSION = YES;
				CLANG_WARN_INT_CONVERSION = YES;
				CLANG_WARN_NON_LITERAL_NULL_CONVERSION = YES;
				CLANG_WARN_OBJC_LITERAL_CONVERSION = YES;
				CLANG_WARN_RANGE_LOOP_ANALYSIS = YES;
				CLANG_WARN_STRICT_PROTOTYPES = YES;
				CLANG_WARN_SUSPICIOUS_MOVE = YES;
				CLANG_WARN_UNREACHABLE_CODE = YES;
				CLANG_WARN__DUPLICATE_METHOD_MATCH = YES;
				ENABLE_STRICT_OBJC_MSGSEND = YES;
				GCC_NO_COMMON_BLOCKS = YES;
				GCC_WARN_64_TO_32_BIT_CONVERSION = YES;
				GCC_WARN_ABOUT_RETURN_TYPE = YES;
				GCC_WARN_UNDECLARED_SELECTOR = YES;
				GCC_WARN_UNINITIALIZED_AUTOS = YES;
				GCC_WARN_UNUSED_FUNCTION = YES;
				GCC_WARN_UNUSED_VARIABLE = YES;
				HEADER_SEARCH_PATHS = (
					"$(inherited)",
					"$(PROJECT_DIR)/../../core/src",
				);
			};
			name = Release;
		};
/* End XCBuildConfiguration section */

/* Begin XCConfigurationList section */
		4241D4E91CBB01160087BAAF /* Build configuration list for PBXNativeTarget "SurgeMacOS" */ = {
			isa = XCConfigurationList;
			buildConfigurations = (
				4241D4EA1CBB01160087BAAF /* Debug */,
				4241D4EB1CBB01160087BAAF /* Release */,
			);
			defaultConfigurationIsVisible = 0;
			defaultConfigurationName = Release;
		};
		42EE5C171CA35C4D00204F31 /* Build configuration list for PBXNativeTarget "SurgeiOS" */ = {
			isa = XCConfigurationList;
			buildConfigurations = (
				42EE5C181CA35C4D00204F31 /* Debug */,
				42EE5C191CA35C4D00204F31 /* Release */,
			);
			defaultConfigurationIsVisible = 0;
			defaultConfigurationName = Release;
		};
		42EE5C311CA35C8100204F31 /* Build configuration list for PBXNativeTarget "SurgeTvOS" */ = {
			isa = XCConfigurationList;
			buildConfigurations = (
				42EE5C321CA35C8100204F31 /* Debug */,
				42EE5C331CA35C8100204F31 /* Release */,
			);
			defaultConfigurationIsVisible = 0;
			defaultConfigurationName = Release;
		};
		42F577811CA34FA100112E27 /* Build configuration list for PBXProject "SurgeFrameworks" */ = {
			isa = XCConfigurationList;
			buildConfigurations = (
				42F577821CA34FA100112E27 /* Debug */,
				42F577831CA34FA100112E27 /* Release */,
			);
			defaultConfigurationIsVisible = 0;
			defaultConfigurationName = Release;
		};
/* End XCConfigurationList section */
	};
	rootObject = 42F5777E1CA34FA100112E27 /* Project object */;
}
